// !$*UTF8*$!
{
	archiveVersion = 1;
	classes = {
	};
	objectVersion = 46;
	objects = {

/* Begin PBXBuildFile section */
		55202BFC1537A04A00B2244E /* TapItAdManager.m in Sources */ = {isa = PBXBuildFile; fileRef = 55202BFB1537A04A00B2244E /* TapItAdManager.m */; };
		55202C031537C59C00B2244E /* NSDictionary+QueryStringBuilder.m in Sources */ = {isa = PBXBuildFile; fileRef = 55202C021537C59C00B2244E /* NSDictionary+QueryStringBuilder.m */; };
		5520DA681632078A0032C3AD /* StoreKit.framework in Frameworks */ = {isa = PBXBuildFile; fileRef = 5520DA65163207600032C3AD /* StoreKit.framework */; settings = {ATTRIBUTES = (Weak, ); }; };
		5521353415A3CBB10048179D /* TapItInterstitialAdViewController.m in Sources */ = {isa = PBXBuildFile; fileRef = 5521353315A3CBB00048179D /* TapItInterstitialAdViewController.m */; };
		552396CC15AC8EF2000E69CC /* CoreTelephony.framework in Frameworks */ = {isa = PBXBuildFile; fileRef = 552396CB15AC8EF2000E69CC /* CoreTelephony.framework */; };
		5528EECC15FFBB51009ED3A4 /* LICENSE in Resources */ = {isa = PBXBuildFile; fileRef = 5528EECB15FFBB51009ED3A4 /* LICENSE */; };
		552A79701641EEBF00C0BEB2 /* TapItURLConnectionManager.h in Headers */ = {isa = PBXBuildFile; fileRef = 552A796E1641EEBF00C0BEB2 /* TapItURLConnectionManager.h */; };
		552A79711641EEBF00C0BEB2 /* TapItURLConnectionManager.h in Headers */ = {isa = PBXBuildFile; fileRef = 552A796E1641EEBF00C0BEB2 /* TapItURLConnectionManager.h */; };
		552EF86B15A2B572009898D4 /* QuartzCore.framework in Frameworks */ = {isa = PBXBuildFile; fileRef = 552EF86A15A2B572009898D4 /* QuartzCore.framework */; };
		5532FEBB15EC35AB00427E00 /* TapItMediationAdMob.m in Sources */ = {isa = PBXBuildFile; fileRef = 5532FEBA15EC35AB00427E00 /* TapItMediationAdMob.m */; };
		5532FEDC15EC37CD00427E00 /* AudioToolbox.framework in Frameworks */ = {isa = PBXBuildFile; fileRef = 550C62F815B6389E00570F4A /* AudioToolbox.framework */; settings = {ATTRIBUTES = (Weak, ); }; };
		5532FEDD15EC37ED00427E00 /* MessageUI.framework in Frameworks */ = {isa = PBXBuildFile; fileRef = 550C62FA15B638A800570F4A /* MessageUI.framework */; settings = {ATTRIBUTES = (Weak, ); }; };
		55716AF815C311F200075FBE /* TapItAdPrompt.h in Headers */ = {isa = PBXBuildFile; fileRef = 55716AF615C2204000075FBE /* TapItAdPrompt.h */; settings = {ATTRIBUTES = (Public, ); }; };
		55716AF915C311F200075FBE /* TapItRequest.h in Headers */ = {isa = PBXBuildFile; fileRef = 55716AF715C2204000075FBE /* TapItRequest.h */; settings = {ATTRIBUTES = (Public, ); }; };
		55716B0C15C31D1A00075FBE /* TapIt.bundle in Resources */ = {isa = PBXBuildFile; fileRef = 55716B0B15C31D1A00075FBE /* TapIt.bundle */; };
		55716B5C15C3214200075FBE /* TapItBrowserController.m in Sources */ = {isa = PBXBuildFile; fileRef = 55880AFF15C1B00A00D9381C /* TapItBrowserController.m */; };
		55716B6415C3265400075FBE /* TapItAdPrompt.m in Sources */ = {isa = PBXBuildFile; fileRef = 558F1D4E15BA3DB600670940 /* TapItAdPrompt.m */; };
		5581896315A258E800B14BCD /* TapItLightboxAdViewController.m in Sources */ = {isa = PBXBuildFile; fileRef = 5581896215A258E800B14BCD /* TapItLightboxAdViewController.m */; };
		55880B0015C1B00A00D9381C /* TapItBrowserController.m in Sources */ = {isa = PBXBuildFile; fileRef = 55880AFF15C1B00A00D9381C /* TapItBrowserController.m */; };
		558F1D4F15BA3DB600670940 /* TapItAdPrompt.m in Sources */ = {isa = PBXBuildFile; fileRef = 558F1D4E15BA3DB600670940 /* TapItAdPrompt.m */; };
		558F516D161E013F00A2A4FE /* libGoogleAdMobAds.a in Frameworks */ = {isa = PBXBuildFile; fileRef = 558F5161161DFF6900A2A4FE /* libGoogleAdMobAds.a */; settings = {ATTRIBUTES = (Weak, ); }; };
		558F516E161E063700A2A4FE /* AdSupport.framework in Frameworks */ = {isa = PBXBuildFile; fileRef = 55BEBE5A160A8CD500072ECD /* AdSupport.framework */; settings = {ATTRIBUTES = (Weak, ); }; };
		5594982415366E4100D6495D /* UIKit.framework in Frameworks */ = {isa = PBXBuildFile; fileRef = 5594982315366E4100D6495D /* UIKit.framework */; };
		5594982615366E4100D6495D /* Foundation.framework in Frameworks */ = {isa = PBXBuildFile; fileRef = 5594982515366E4100D6495D /* Foundation.framework */; };
		5594982815366E4100D6495D /* CoreGraphics.framework in Frameworks */ = {isa = PBXBuildFile; fileRef = 5594982715366E4100D6495D /* CoreGraphics.framework */; };
		5594982E15366E4100D6495D /* InfoPlist.strings in Resources */ = {isa = PBXBuildFile; fileRef = 5594982C15366E4100D6495D /* InfoPlist.strings */; };
		5594983015366E4100D6495D /* main.m in Sources */ = {isa = PBXBuildFile; fileRef = 5594982F15366E4100D6495D /* main.m */; };
		5594983415366E4100D6495D /* AppDelegate.m in Sources */ = {isa = PBXBuildFile; fileRef = 5594983315366E4100D6495D /* AppDelegate.m */; };
		5594983D15366E4200D6495D /* BannerAdController.m in Sources */ = {isa = PBXBuildFile; fileRef = 5594983C15366E4200D6495D /* BannerAdController.m */; };
		5594983F15366E4200D6495D /* first.png in Resources */ = {isa = PBXBuildFile; fileRef = 5594983E15366E4200D6495D /* first.png */; };
		5594984115366E4200D6495D /* first@2x.png in Resources */ = {isa = PBXBuildFile; fileRef = 5594984015366E4200D6495D /* first@2x.png */; };
		5594984415366E4200D6495D /* InterstitialController.m in Sources */ = {isa = PBXBuildFile; fileRef = 5594984315366E4200D6495D /* InterstitialController.m */; };
		5594984615366E4200D6495D /* second.png in Resources */ = {isa = PBXBuildFile; fileRef = 5594984515366E4200D6495D /* second.png */; };
		5594984815366E4200D6495D /* second@2x.png in Resources */ = {isa = PBXBuildFile; fileRef = 5594984715366E4200D6495D /* second@2x.png */; };
		5594985215366F9300D6495D /* TapItBannerAdView.m in Sources */ = {isa = PBXBuildFile; fileRef = 5594985115366F9300D6495D /* TapItBannerAdView.m */; };
		55949856153670D900D6495D /* TapItInterstitialAd.m in Sources */ = {isa = PBXBuildFile; fileRef = 55949855153670D900D6495D /* TapItInterstitialAd.m */; };
		55949863153671A600D6495D /* TapItOpenUDID.m in Sources */ = {isa = PBXBuildFile; fileRef = 55949862153671A600D6495D /* TapItOpenUDID.m */; };
		55949866153672A200D6495D /* TapItAppTracker.m in Sources */ = {isa = PBXBuildFile; fileRef = 55949865153672A200D6495D /* TapItAppTracker.m */; };
		559498871536A2E500D6495D /* TapItRequest.m in Sources */ = {isa = PBXBuildFile; fileRef = 559498861536A2E500D6495D /* TapItRequest.m */; };
		5594988F1536A36100D6495D /* TapItAdView.m in Sources */ = {isa = PBXBuildFile; fileRef = 5594988D1536A35F00D6495D /* TapItAdView.m */; };
		5596594415B4C7150002620D /* Foundation.framework in Frameworks */ = {isa = PBXBuildFile; fileRef = 5594982515366E4100D6495D /* Foundation.framework */; };
		5596595015B4C72E0002620D /* TapItAdDelegates.h in Headers */ = {isa = PBXBuildFile; fileRef = 559498901536A36F00D6495D /* TapItAdDelegates.h */; settings = {ATTRIBUTES = (Public, ); }; };
		5596595115B4C72E0002620D /* TapItAppTracker.h in Headers */ = {isa = PBXBuildFile; fileRef = 559498671536751400D6495D /* TapItAppTracker.h */; settings = {ATTRIBUTES = (Public, ); }; };
		5596595215B4C72E0002620D /* TapItBannerAdView.h in Headers */ = {isa = PBXBuildFile; fileRef = 559498681536751400D6495D /* TapItBannerAdView.h */; settings = {ATTRIBUTES = (Public, ); }; };
		5596595315B4C72E0002620D /* TapItInterstitialAd.h in Headers */ = {isa = PBXBuildFile; fileRef = 559498691536751400D6495D /* TapItInterstitialAd.h */; settings = {ATTRIBUTES = (Public, ); }; };
		5596595415B4C72E0002620D /* TapIt.h in Headers */ = {isa = PBXBuildFile; fileRef = 559498531536705200D6495D /* TapIt.h */; settings = {ATTRIBUTES = (Public, ); }; };
		5596595515B4C72E0002620D /* TapItConstants.h in Headers */ = {isa = PBXBuildFile; fileRef = 552E9A711538CDB400FD22C4 /* TapItConstants.h */; settings = {ATTRIBUTES = (Public, ); }; };
		5596595615B4C73F0002620D /* SystemConfiguration.framework in Frameworks */ = {isa = PBXBuildFile; fileRef = 55C7004F15A76AEB00818F44 /* SystemConfiguration.framework */; };
		5596595715B4C7460002620D /* QuartzCore.framework in Frameworks */ = {isa = PBXBuildFile; fileRef = 552EF86A15A2B572009898D4 /* QuartzCore.framework */; };
		5596595815B4C74D0002620D /* CoreLocation.framework in Frameworks */ = {isa = PBXBuildFile; fileRef = 55ABC3F815A63AA200B13844 /* CoreLocation.framework */; settings = {ATTRIBUTES = (Weak, ); }; };
		5596595915B4C7610002620D /* CoreGraphics.framework in Frameworks */ = {isa = PBXBuildFile; fileRef = 5594982715366E4100D6495D /* CoreGraphics.framework */; };
		5596595A15B4C76D0002620D /* CoreTelephony.framework in Frameworks */ = {isa = PBXBuildFile; fileRef = 552396CB15AC8EF2000E69CC /* CoreTelephony.framework */; };
		5596595B15B4C7850002620D /* UIKit.framework in Frameworks */ = {isa = PBXBuildFile; fileRef = 5594982315366E4100D6495D /* UIKit.framework */; };
		5596596015B4C7B30002620D /* TapItAdView.m in Sources */ = {isa = PBXBuildFile; fileRef = 5594988D1536A35F00D6495D /* TapItAdView.m */; };
		5596596115B4C7B30002620D /* TapItBannerAdView.m in Sources */ = {isa = PBXBuildFile; fileRef = 5594985115366F9300D6495D /* TapItBannerAdView.m */; };
		5596596215B4C7B30002620D /* TapItInterstitialAd.m in Sources */ = {isa = PBXBuildFile; fileRef = 55949855153670D900D6495D /* TapItInterstitialAd.m */; };
		5596596315B4C7B30002620D /* TapItAppTracker.m in Sources */ = {isa = PBXBuildFile; fileRef = 55949865153672A200D6495D /* TapItAppTracker.m */; };
		5596596415B4C7B30002620D /* TapItRequest.m in Sources */ = {isa = PBXBuildFile; fileRef = 559498861536A2E500D6495D /* TapItRequest.m */; };
		5596596515B4C7B30002620D /* TapItAdManager.m in Sources */ = {isa = PBXBuildFile; fileRef = 55202BFB1537A04A00B2244E /* TapItAdManager.m */; };
		5596596815B4C7B30002620D /* TapItLightboxAdViewController.m in Sources */ = {isa = PBXBuildFile; fileRef = 5581896215A258E800B14BCD /* TapItLightboxAdViewController.m */; };
		5596596915B4C7B30002620D /* TapItInterstitialAdViewController.m in Sources */ = {isa = PBXBuildFile; fileRef = 5521353315A3CBB00048179D /* TapItInterstitialAdViewController.m */; };
		55A2645C160D12D4009DFA5F /* MainStoryboard_iPhone.storyboard in Resources */ = {isa = PBXBuildFile; fileRef = 55A26458160D12D4009DFA5F /* MainStoryboard_iPhone.storyboard */; };
		55A2645D160D12D4009DFA5F /* MainStoryboard_iPad.storyboard in Resources */ = {isa = PBXBuildFile; fileRef = 55A2645A160D12D4009DFA5F /* MainStoryboard_iPad.storyboard */; };
		55A64B5F1537E7F200AFDDFF /* JSONKit.m in Sources */ = {isa = PBXBuildFile; fileRef = 55A64B5C1537E7F200AFDDFF /* JSONKit.m */; };
		55ABC3F915A63AA200B13844 /* CoreLocation.framework in Frameworks */ = {isa = PBXBuildFile; fileRef = 55ABC3F815A63AA200B13844 /* CoreLocation.framework */; settings = {ATTRIBUTES = (Weak, ); }; };
		55BEBE5B160A8CD500072ECD /* AdSupport.framework in Frameworks */ = {isa = PBXBuildFile; fileRef = 55BEBE5A160A8CD500072ECD /* AdSupport.framework */; settings = {ATTRIBUTES = (Weak, ); }; };
		55C7004E15A767E700818F44 /* TapItReachability.m in Sources */ = {isa = PBXBuildFile; fileRef = 55C7004D15A767E700818F44 /* TapItReachability.m */; };
		55C7005015A76AEB00818F44 /* SystemConfiguration.framework in Frameworks */ = {isa = PBXBuildFile; fileRef = 55C7004F15A76AEB00818F44 /* SystemConfiguration.framework */; };
		55CF02D815EFDEAC00DBB5A5 /* TapItAdPrompt.m in Sources */ = {isa = PBXBuildFile; fileRef = 558F1D4E15BA3DB600670940 /* TapItAdPrompt.m */; };
		55CF02D915EFDEAC00DBB5A5 /* TapItBrowserController.m in Sources */ = {isa = PBXBuildFile; fileRef = 55880AFF15C1B00A00D9381C /* TapItBrowserController.m */; };
		55CF02DA15EFDEAC00DBB5A5 /* TapItAdView.m in Sources */ = {isa = PBXBuildFile; fileRef = 5594988D1536A35F00D6495D /* TapItAdView.m */; };
		55CF02DB15EFDEAC00DBB5A5 /* TapItBannerAdView.m in Sources */ = {isa = PBXBuildFile; fileRef = 5594985115366F9300D6495D /* TapItBannerAdView.m */; };
		55CF02DC15EFDEAC00DBB5A5 /* TapItInterstitialAd.m in Sources */ = {isa = PBXBuildFile; fileRef = 55949855153670D900D6495D /* TapItInterstitialAd.m */; };
		55CF02DD15EFDEAC00DBB5A5 /* TapItAppTracker.m in Sources */ = {isa = PBXBuildFile; fileRef = 55949865153672A200D6495D /* TapItAppTracker.m */; };
		55CF02DE15EFDEAC00DBB5A5 /* TapItRequest.m in Sources */ = {isa = PBXBuildFile; fileRef = 559498861536A2E500D6495D /* TapItRequest.m */; };
		55CF02DF15EFDEAC00DBB5A5 /* TapItAdManager.m in Sources */ = {isa = PBXBuildFile; fileRef = 55202BFB1537A04A00B2244E /* TapItAdManager.m */; };
		55CF02E015EFDEAC00DBB5A5 /* TapItLightboxAdViewController.m in Sources */ = {isa = PBXBuildFile; fileRef = 5581896215A258E800B14BCD /* TapItLightboxAdViewController.m */; };
		55CF02E115EFDEAC00DBB5A5 /* TapItInterstitialAdViewController.m in Sources */ = {isa = PBXBuildFile; fileRef = 5521353315A3CBB00048179D /* TapItInterstitialAdViewController.m */; };
		55CF02E315EFDEAC00DBB5A5 /* UIKit.framework in Frameworks */ = {isa = PBXBuildFile; fileRef = 5594982315366E4100D6495D /* UIKit.framework */; };
		55CF02E415EFDEAC00DBB5A5 /* CoreTelephony.framework in Frameworks */ = {isa = PBXBuildFile; fileRef = 552396CB15AC8EF2000E69CC /* CoreTelephony.framework */; };
		55CF02E515EFDEAC00DBB5A5 /* CoreGraphics.framework in Frameworks */ = {isa = PBXBuildFile; fileRef = 5594982715366E4100D6495D /* CoreGraphics.framework */; };
		55CF02E615EFDEAC00DBB5A5 /* CoreLocation.framework in Frameworks */ = {isa = PBXBuildFile; fileRef = 55ABC3F815A63AA200B13844 /* CoreLocation.framework */; settings = {ATTRIBUTES = (Weak, ); }; };
		55CF02E715EFDEAC00DBB5A5 /* QuartzCore.framework in Frameworks */ = {isa = PBXBuildFile; fileRef = 552EF86A15A2B572009898D4 /* QuartzCore.framework */; };
		55CF02E815EFDEAC00DBB5A5 /* SystemConfiguration.framework in Frameworks */ = {isa = PBXBuildFile; fileRef = 55C7004F15A76AEB00818F44 /* SystemConfiguration.framework */; };
		55CF02E915EFDEAC00DBB5A5 /* Foundation.framework in Frameworks */ = {isa = PBXBuildFile; fileRef = 5594982515366E4100D6495D /* Foundation.framework */; };
		55CF02EB15EFDEAC00DBB5A5 /* TapItAdDelegates.h in Headers */ = {isa = PBXBuildFile; fileRef = 559498901536A36F00D6495D /* TapItAdDelegates.h */; settings = {ATTRIBUTES = (Public, ); }; };
		55CF02EC15EFDEAC00DBB5A5 /* TapItAppTracker.h in Headers */ = {isa = PBXBuildFile; fileRef = 559498671536751400D6495D /* TapItAppTracker.h */; settings = {ATTRIBUTES = (Public, ); }; };
		55CF02ED15EFDEAC00DBB5A5 /* TapItBannerAdView.h in Headers */ = {isa = PBXBuildFile; fileRef = 559498681536751400D6495D /* TapItBannerAdView.h */; settings = {ATTRIBUTES = (Public, ); }; };
		55CF02EE15EFDEAC00DBB5A5 /* TapItInterstitialAd.h in Headers */ = {isa = PBXBuildFile; fileRef = 559498691536751400D6495D /* TapItInterstitialAd.h */; settings = {ATTRIBUTES = (Public, ); }; };
		55CF02EF15EFDEAC00DBB5A5 /* TapIt.h in Headers */ = {isa = PBXBuildFile; fileRef = 559498531536705200D6495D /* TapIt.h */; settings = {ATTRIBUTES = (Public, ); }; };
		55CF02F015EFDEAC00DBB5A5 /* TapItConstants.h in Headers */ = {isa = PBXBuildFile; fileRef = 552E9A711538CDB400FD22C4 /* TapItConstants.h */; settings = {ATTRIBUTES = (Public, ); }; };
		55CF02F115EFDEAC00DBB5A5 /* TapItAdPrompt.h in Headers */ = {isa = PBXBuildFile; fileRef = 55716AF615C2204000075FBE /* TapItAdPrompt.h */; settings = {ATTRIBUTES = (Public, ); }; };
		55CF02F215EFDEAC00DBB5A5 /* TapItRequest.h in Headers */ = {isa = PBXBuildFile; fileRef = 55716AF715C2204000075FBE /* TapItRequest.h */; settings = {ATTRIBUTES = (Public, ); }; };
		55CF030C15EFDED600DBB5A5 /* TapItReachability.m in Sources */ = {isa = PBXBuildFile; fileRef = 55C7004D15A767E700818F44 /* TapItReachability.m */; };
		55CF030D15EFDED600DBB5A5 /* JSONKit.m in Sources */ = {isa = PBXBuildFile; fileRef = 55A64B5C1537E7F200AFDDFF /* JSONKit.m */; };
		55CF030E15EFDED600DBB5A5 /* NSDictionary+QueryStringBuilder.m in Sources */ = {isa = PBXBuildFile; fileRef = 55202C021537C59C00B2244E /* NSDictionary+QueryStringBuilder.m */; };
		55CF030F15EFDED600DBB5A5 /* TapItOpenUDID.m in Sources */ = {isa = PBXBuildFile; fileRef = 55949862153671A600D6495D /* TapItOpenUDID.m */; };
		55DC8CB6160CE2C800558DC8 /* TapItMediationAdMob.m in Sources */ = {isa = PBXBuildFile; fileRef = 5532FEBA15EC35AB00427E00 /* TapItMediationAdMob.m */; };
		55DC8CB7160CE2C800558DC8 /* TapItReachability.m in Sources */ = {isa = PBXBuildFile; fileRef = 55C7004D15A767E700818F44 /* TapItReachability.m */; };
		55DC8CB8160CE2C800558DC8 /* JSONKit.m in Sources */ = {isa = PBXBuildFile; fileRef = 55A64B5C1537E7F200AFDDFF /* JSONKit.m */; };
		55DC8CB9160CE2C800558DC8 /* NSDictionary+QueryStringBuilder.m in Sources */ = {isa = PBXBuildFile; fileRef = 55202C021537C59C00B2244E /* NSDictionary+QueryStringBuilder.m */; };
		55DC8CBA160CE2C800558DC8 /* TapItOpenUDID.m in Sources */ = {isa = PBXBuildFile; fileRef = 55949862153671A600D6495D /* TapItOpenUDID.m */; };
		55DC8CBB160CE2C800558DC8 /* TapItAdPrompt.m in Sources */ = {isa = PBXBuildFile; fileRef = 558F1D4E15BA3DB600670940 /* TapItAdPrompt.m */; };
		55DC8CBC160CE2C800558DC8 /* TapItBrowserController.m in Sources */ = {isa = PBXBuildFile; fileRef = 55880AFF15C1B00A00D9381C /* TapItBrowserController.m */; };
		55DC8CBD160CE2C800558DC8 /* TapItAdView.m in Sources */ = {isa = PBXBuildFile; fileRef = 5594988D1536A35F00D6495D /* TapItAdView.m */; };
		55DC8CBE160CE2C800558DC8 /* TapItBannerAdView.m in Sources */ = {isa = PBXBuildFile; fileRef = 5594985115366F9300D6495D /* TapItBannerAdView.m */; };
		55DC8CBF160CE2C800558DC8 /* TapItInterstitialAd.m in Sources */ = {isa = PBXBuildFile; fileRef = 55949855153670D900D6495D /* TapItInterstitialAd.m */; };
		55DC8CC0160CE2C800558DC8 /* TapItAppTracker.m in Sources */ = {isa = PBXBuildFile; fileRef = 55949865153672A200D6495D /* TapItAppTracker.m */; };
		55DC8CC1160CE2C800558DC8 /* TapItRequest.m in Sources */ = {isa = PBXBuildFile; fileRef = 559498861536A2E500D6495D /* TapItRequest.m */; };
		55DC8CC2160CE2C800558DC8 /* TapItAdManager.m in Sources */ = {isa = PBXBuildFile; fileRef = 55202BFB1537A04A00B2244E /* TapItAdManager.m */; };
		55DC8CC3160CE2C800558DC8 /* TapItLightboxAdViewController.m in Sources */ = {isa = PBXBuildFile; fileRef = 5581896215A258E800B14BCD /* TapItLightboxAdViewController.m */; };
		55DC8CC4160CE2C800558DC8 /* TapItInterstitialAdViewController.m in Sources */ = {isa = PBXBuildFile; fileRef = 5521353315A3CBB00048179D /* TapItInterstitialAdViewController.m */; };
		55DC8CC7160CE2C800558DC8 /* UIKit.framework in Frameworks */ = {isa = PBXBuildFile; fileRef = 5594982315366E4100D6495D /* UIKit.framework */; };
		55DC8CC8160CE2C800558DC8 /* CoreTelephony.framework in Frameworks */ = {isa = PBXBuildFile; fileRef = 552396CB15AC8EF2000E69CC /* CoreTelephony.framework */; };
		55DC8CC9160CE2C800558DC8 /* CoreGraphics.framework in Frameworks */ = {isa = PBXBuildFile; fileRef = 5594982715366E4100D6495D /* CoreGraphics.framework */; };
		55DC8CCA160CE2C800558DC8 /* CoreLocation.framework in Frameworks */ = {isa = PBXBuildFile; fileRef = 55ABC3F815A63AA200B13844 /* CoreLocation.framework */; settings = {ATTRIBUTES = (Weak, ); }; };
		55DC8CCB160CE2C800558DC8 /* QuartzCore.framework in Frameworks */ = {isa = PBXBuildFile; fileRef = 552EF86A15A2B572009898D4 /* QuartzCore.framework */; };
		55DC8CCC160CE2C800558DC8 /* SystemConfiguration.framework in Frameworks */ = {isa = PBXBuildFile; fileRef = 55C7004F15A76AEB00818F44 /* SystemConfiguration.framework */; };
		55DC8CCD160CE2C800558DC8 /* Foundation.framework in Frameworks */ = {isa = PBXBuildFile; fileRef = 5594982515366E4100D6495D /* Foundation.framework */; };
		55DC8CCF160CE2C800558DC8 /* TapItAdDelegates.h in Headers */ = {isa = PBXBuildFile; fileRef = 559498901536A36F00D6495D /* TapItAdDelegates.h */; settings = {ATTRIBUTES = (Public, ); }; };
		55DC8CD0160CE2C800558DC8 /* TapItAppTracker.h in Headers */ = {isa = PBXBuildFile; fileRef = 559498671536751400D6495D /* TapItAppTracker.h */; settings = {ATTRIBUTES = (Public, ); }; };
		55DC8CD1160CE2C800558DC8 /* TapItBannerAdView.h in Headers */ = {isa = PBXBuildFile; fileRef = 559498681536751400D6495D /* TapItBannerAdView.h */; settings = {ATTRIBUTES = (Public, ); }; };
		55DC8CD2160CE2C800558DC8 /* TapItInterstitialAd.h in Headers */ = {isa = PBXBuildFile; fileRef = 559498691536751400D6495D /* TapItInterstitialAd.h */; settings = {ATTRIBUTES = (Public, ); }; };
		55DC8CD3160CE2C800558DC8 /* TapIt.h in Headers */ = {isa = PBXBuildFile; fileRef = 559498531536705200D6495D /* TapIt.h */; settings = {ATTRIBUTES = (Public, ); }; };
		55DC8CD4160CE2C800558DC8 /* TapItConstants.h in Headers */ = {isa = PBXBuildFile; fileRef = 552E9A711538CDB400FD22C4 /* TapItConstants.h */; settings = {ATTRIBUTES = (Public, ); }; };
		55DC8CD5160CE2C800558DC8 /* TapItAdPrompt.h in Headers */ = {isa = PBXBuildFile; fileRef = 55716AF615C2204000075FBE /* TapItAdPrompt.h */; settings = {ATTRIBUTES = (Public, ); }; };
		55DC8CD6160CE2C800558DC8 /* TapItRequest.h in Headers */ = {isa = PBXBuildFile; fileRef = 55716AF715C2204000075FBE /* TapItRequest.h */; settings = {ATTRIBUTES = (Public, ); }; };
		55E0DB8915F95BA600FB8421 /* AdPromptDemoController.m in Sources */ = {isa = PBXBuildFile; fileRef = 55E0DB8815F95BA600FB8421 /* AdPromptDemoController.m */; };
		55F775CD160A418D00ADA381 /* TapItMediationAdMob.m in Sources */ = {isa = PBXBuildFile; fileRef = 5532FEBA15EC35AB00427E00 /* TapItMediationAdMob.m */; };
		55F9A37B1616601200A41AE6 /* AdMobController.m in Sources */ = {isa = PBXBuildFile; fileRef = 5532FEDF15EC3A6400427E00 /* AdMobController.m */; };
		55FB5C641644975E00104B13 /* StoreKit.framework in Frameworks */ = {isa = PBXBuildFile; fileRef = 5520DA65163207600032C3AD /* StoreKit.framework */; };
/* End PBXBuildFile section */

/* Begin PBXFileReference section */
		550C62F815B6389E00570F4A /* AudioToolbox.framework */ = {isa = PBXFileReference; lastKnownFileType = wrapper.framework; name = AudioToolbox.framework; path = System/Library/Frameworks/AudioToolbox.framework; sourceTree = SDKROOT; };
		550C62FA15B638A800570F4A /* MessageUI.framework */ = {isa = PBXFileReference; lastKnownFileType = wrapper.framework; name = MessageUI.framework; path = System/Library/Frameworks/MessageUI.framework; sourceTree = SDKROOT; };
		55202BFA1537A04A00B2244E /* TapItAdManager.h */ = {isa = PBXFileReference; fileEncoding = 4; lastKnownFileType = sourcecode.c.h; lineEnding = 0; name = TapItAdManager.h; path = TapItSDK/TapItAdManager.h; sourceTree = "<group>"; xcLanguageSpecificationIdentifier = xcode.lang.objcpp; };
		55202BFB1537A04A00B2244E /* TapItAdManager.m */ = {isa = PBXFileReference; fileEncoding = 4; lastKnownFileType = sourcecode.c.objc; lineEnding = 0; name = TapItAdManager.m; path = TapItSDK/TapItAdManager.m; sourceTree = "<group>"; xcLanguageSpecificationIdentifier = xcode.lang.objc; };
		55202C011537C59C00B2244E /* NSDictionary+QueryStringBuilder.h */ = {isa = PBXFileReference; fileEncoding = 4; lastKnownFileType = sourcecode.c.h; path = "NSDictionary+QueryStringBuilder.h"; sourceTree = "<group>"; };
		55202C021537C59C00B2244E /* NSDictionary+QueryStringBuilder.m */ = {isa = PBXFileReference; fileEncoding = 4; lastKnownFileType = sourcecode.c.objc; path = "NSDictionary+QueryStringBuilder.m"; sourceTree = "<group>"; };
		5520DA65163207600032C3AD /* StoreKit.framework */ = {isa = PBXFileReference; lastKnownFileType = wrapper.framework; name = StoreKit.framework; path = System/Library/Frameworks/StoreKit.framework; sourceTree = SDKROOT; };
		5521353215A3CBB00048179D /* TapItInterstitialAdViewController.h */ = {isa = PBXFileReference; fileEncoding = 4; lastKnownFileType = sourcecode.c.h; lineEnding = 0; name = TapItInterstitialAdViewController.h; path = TapItSDK/TapItInterstitialAdViewController.h; sourceTree = "<group>"; xcLanguageSpecificationIdentifier = xcode.lang.objcpp; };
		5521353315A3CBB00048179D /* TapItInterstitialAdViewController.m */ = {isa = PBXFileReference; fileEncoding = 4; lastKnownFileType = sourcecode.c.objc; lineEnding = 0; name = TapItInterstitialAdViewController.m; path = TapItSDK/TapItInterstitialAdViewController.m; sourceTree = "<group>"; xcLanguageSpecificationIdentifier = xcode.lang.objc; };
		552396CB15AC8EF2000E69CC /* CoreTelephony.framework */ = {isa = PBXFileReference; lastKnownFileType = wrapper.framework; name = CoreTelephony.framework; path = System/Library/Frameworks/CoreTelephony.framework; sourceTree = SDKROOT; };
		5528EECB15FFBB51009ED3A4 /* LICENSE */ = {isa = PBXFileReference; fileEncoding = 4; lastKnownFileType = text; path = LICENSE; sourceTree = "<group>"; };
		552A796E1641EEBF00C0BEB2 /* TapItURLConnectionManager.h */ = {isa = PBXFileReference; fileEncoding = 4; lastKnownFileType = sourcecode.c.h; name = TapItURLConnectionManager.h; path = TapItSDK/TapItURLConnectionManager.h; sourceTree = "<group>"; };
		552A796F1641EEBF00C0BEB2 /* TapItURLConnectionManager.m */ = {isa = PBXFileReference; fileEncoding = 4; lastKnownFileType = sourcecode.c.objc; name = TapItURLConnectionManager.m; path = TapItSDK/TapItURLConnectionManager.m; sourceTree = "<group>"; };
		552E9A701538CA0A00FD22C4 /* TapItAdManagerDelegate.h */ = {isa = PBXFileReference; fileEncoding = 4; lastKnownFileType = sourcecode.c.h; lineEnding = 0; name = TapItAdManagerDelegate.h; path = TapItSDK/TapItAdManagerDelegate.h; sourceTree = "<group>"; xcLanguageSpecificationIdentifier = xcode.lang.objcpp; };
		552E9A711538CDB400FD22C4 /* TapItConstants.h */ = {isa = PBXFileReference; fileEncoding = 4; lastKnownFileType = sourcecode.c.h; lineEnding = 0; name = TapItConstants.h; path = TapItSDK/Headers/TapItConstants.h; sourceTree = "<group>"; };
		552EF86A15A2B572009898D4 /* QuartzCore.framework */ = {isa = PBXFileReference; lastKnownFileType = wrapper.framework; name = QuartzCore.framework; path = System/Library/Frameworks/QuartzCore.framework; sourceTree = SDKROOT; };
		5532FEB915EC35AB00427E00 /* TapItMediationAdMob.h */ = {isa = PBXFileReference; fileEncoding = 4; lastKnownFileType = sourcecode.c.h; name = TapItMediationAdMob.h; path = TapItSDK/TapItMediationAdMob.h; sourceTree = "<group>"; };
		5532FEBA15EC35AB00427E00 /* TapItMediationAdMob.m */ = {isa = PBXFileReference; fileEncoding = 4; lastKnownFileType = sourcecode.c.objc; name = TapItMediationAdMob.m; path = TapItSDK/TapItMediationAdMob.m; sourceTree = "<group>"; };
		5532FEDE15EC3A6400427E00 /* AdMobController.h */ = {isa = PBXFileReference; fileEncoding = 4; lastKnownFileType = sourcecode.c.h; path = AdMobController.h; sourceTree = "<group>"; };
		5532FEDF15EC3A6400427E00 /* AdMobController.m */ = {isa = PBXFileReference; fileEncoding = 4; lastKnownFileType = sourcecode.c.objc; path = AdMobController.m; sourceTree = "<group>"; };
		55716AF615C2204000075FBE /* TapItAdPrompt.h */ = {isa = PBXFileReference; fileEncoding = 4; lastKnownFileType = sourcecode.c.h; lineEnding = 0; name = TapItAdPrompt.h; path = TapItSDK/Headers/TapItAdPrompt.h; sourceTree = "<group>"; xcLanguageSpecificationIdentifier = xcode.lang.objcpp; };
		55716AF715C2204000075FBE /* TapItRequest.h */ = {isa = PBXFileReference; fileEncoding = 4; lastKnownFileType = sourcecode.c.h; lineEnding = 0; name = TapItRequest.h; path = TapItSDK/Headers/TapItRequest.h; sourceTree = "<group>"; xcLanguageSpecificationIdentifier = xcode.lang.objcpp; };
		55716B0B15C31D1A00075FBE /* TapIt.bundle */ = {isa = PBXFileReference; lastKnownFileType = "wrapper.plug-in"; name = TapIt.bundle; path = TapItSDK/TapIt.bundle; sourceTree = "<group>"; };
		5572AABA15997D1000D3E5A6 /* README.md */ = {isa = PBXFileReference; fileEncoding = 4; lastKnownFileType = text; path = README.md; sourceTree = "<group>"; };
		5581896115A258E800B14BCD /* TapItLightboxAdViewController.h */ = {isa = PBXFileReference; fileEncoding = 4; lastKnownFileType = sourcecode.c.h; lineEnding = 0; name = TapItLightboxAdViewController.h; path = TapItSDK/TapItLightboxAdViewController.h; sourceTree = "<group>"; xcLanguageSpecificationIdentifier = xcode.lang.objcpp; };
		5581896215A258E800B14BCD /* TapItLightboxAdViewController.m */ = {isa = PBXFileReference; fileEncoding = 4; lastKnownFileType = sourcecode.c.objc; lineEnding = 0; name = TapItLightboxAdViewController.m; path = TapItSDK/TapItLightboxAdViewController.m; sourceTree = "<group>"; xcLanguageSpecificationIdentifier = xcode.lang.objc; };
		55880A1E15C0707600D9381C /* AdPromptDemoController.h */ = {isa = PBXFileReference; fileEncoding = 4; lastKnownFileType = sourcecode.c.h; lineEnding = 0; path = AdPromptDemoController.h; sourceTree = "<group>"; xcLanguageSpecificationIdentifier = xcode.lang.objcpp; };
		55880AFE15C1B00900D9381C /* TapItBrowserController.h */ = {isa = PBXFileReference; fileEncoding = 4; lastKnownFileType = sourcecode.c.h; lineEnding = 0; name = TapItBrowserController.h; path = TapItSDK/TapItBrowserController.h; sourceTree = "<group>"; xcLanguageSpecificationIdentifier = xcode.lang.objcpp; };
		55880AFF15C1B00A00D9381C /* TapItBrowserController.m */ = {isa = PBXFileReference; fileEncoding = 4; lastKnownFileType = sourcecode.c.objc; lineEnding = 0; name = TapItBrowserController.m; path = TapItSDK/TapItBrowserController.m; sourceTree = "<group>"; xcLanguageSpecificationIdentifier = xcode.lang.objc; };
		558F1D4E15BA3DB600670940 /* TapItAdPrompt.m */ = {isa = PBXFileReference; fileEncoding = 4; lastKnownFileType = sourcecode.c.objc; lineEnding = 0; name = TapItAdPrompt.m; path = TapItSDK/TapItAdPrompt.m; sourceTree = "<group>"; xcLanguageSpecificationIdentifier = xcode.lang.objc; };
		558F514F161DFF6900A2A4FE /* GADCustomEventBanner.h */ = {isa = PBXFileReference; lastKnownFileType = sourcecode.c.h; path = GADCustomEventBanner.h; sourceTree = "<group>"; };
		558F5150161DFF6900A2A4FE /* GADCustomEventBannerDelegate.h */ = {isa = PBXFileReference; lastKnownFileType = sourcecode.c.h; path = GADCustomEventBannerDelegate.h; sourceTree = "<group>"; };
		558F5151161DFF6900A2A4FE /* GADCustomEventExtras.h */ = {isa = PBXFileReference; lastKnownFileType = sourcecode.c.h; path = GADCustomEventExtras.h; sourceTree = "<group>"; };
		558F5152161DFF6900A2A4FE /* GADCustomEventInterstitial.h */ = {isa = PBXFileReference; lastKnownFileType = sourcecode.c.h; path = GADCustomEventInterstitial.h; sourceTree = "<group>"; };
		558F5153161DFF6900A2A4FE /* GADCustomEventInterstitialDelegate.h */ = {isa = PBXFileReference; lastKnownFileType = sourcecode.c.h; path = GADCustomEventInterstitialDelegate.h; sourceTree = "<group>"; };
		558F5154161DFF6900A2A4FE /* GADCustomEventRequest.h */ = {isa = PBXFileReference; lastKnownFileType = sourcecode.c.h; path = GADCustomEventRequest.h; sourceTree = "<group>"; };
		558F5158161DFF6900A2A4FE /* GADAdMobExtras.h */ = {isa = PBXFileReference; lastKnownFileType = sourcecode.c.h; path = GADAdMobExtras.h; sourceTree = "<group>"; };
		558F5159161DFF6900A2A4FE /* GADAdNetworkExtras.h */ = {isa = PBXFileReference; lastKnownFileType = sourcecode.c.h; path = GADAdNetworkExtras.h; sourceTree = "<group>"; };
		558F515A161DFF6900A2A4FE /* GADAdSize.h */ = {isa = PBXFileReference; lastKnownFileType = sourcecode.c.h; path = GADAdSize.h; sourceTree = "<group>"; };
		558F515B161DFF6900A2A4FE /* GADBannerView.h */ = {isa = PBXFileReference; lastKnownFileType = sourcecode.c.h; path = GADBannerView.h; sourceTree = "<group>"; };
		558F515C161DFF6900A2A4FE /* GADBannerViewDelegate.h */ = {isa = PBXFileReference; lastKnownFileType = sourcecode.c.h; path = GADBannerViewDelegate.h; sourceTree = "<group>"; };
		558F515D161DFF6900A2A4FE /* GADInterstitial.h */ = {isa = PBXFileReference; lastKnownFileType = sourcecode.c.h; path = GADInterstitial.h; sourceTree = "<group>"; };
		558F515E161DFF6900A2A4FE /* GADInterstitialDelegate.h */ = {isa = PBXFileReference; lastKnownFileType = sourcecode.c.h; path = GADInterstitialDelegate.h; sourceTree = "<group>"; };
		558F515F161DFF6900A2A4FE /* GADRequest.h */ = {isa = PBXFileReference; lastKnownFileType = sourcecode.c.h; path = GADRequest.h; sourceTree = "<group>"; };
		558F5160161DFF6900A2A4FE /* GADRequestError.h */ = {isa = PBXFileReference; lastKnownFileType = sourcecode.c.h; path = GADRequestError.h; sourceTree = "<group>"; };
		558F5161161DFF6900A2A4FE /* libGoogleAdMobAds.a */ = {isa = PBXFileReference; lastKnownFileType = archive.ar; path = libGoogleAdMobAds.a; sourceTree = "<group>"; };
		558F5162161DFF6900A2A4FE /* README.txt */ = {isa = PBXFileReference; lastKnownFileType = text; path = README.txt; sourceTree = "<group>"; };
		558F516A161E00EC00A2A4FE /* GADMEnums.h */ = {isa = PBXFileReference; lastKnownFileType = sourcecode.c.h; path = GADMEnums.h; sourceTree = "<group>"; };
		558F516B161E00EC00A2A4FE /* GADMAdNetworkAdapterProtocol.h */ = {isa = PBXFileReference; lastKnownFileType = sourcecode.c.h; path = GADMAdNetworkAdapterProtocol.h; sourceTree = "<group>"; };
		558F516C161E00EC00A2A4FE /* GADMAdNetworkConnectorProtocol.h */ = {isa = PBXFileReference; lastKnownFileType = sourcecode.c.h; path = GADMAdNetworkConnectorProtocol.h; sourceTree = "<group>"; };
		5594981F15366E4100D6495D /* TapIt-iOS-Sample.app */ = {isa = PBXFileReference; explicitFileType = wrapper.application; includeInIndex = 0; path = "TapIt-iOS-Sample.app"; sourceTree = BUILT_PRODUCTS_DIR; };
		5594982315366E4100D6495D /* UIKit.framework */ = {isa = PBXFileReference; lastKnownFileType = wrapper.framework; name = UIKit.framework; path = System/Library/Frameworks/UIKit.framework; sourceTree = SDKROOT; };
		5594982515366E4100D6495D /* Foundation.framework */ = {isa = PBXFileReference; lastKnownFileType = wrapper.framework; name = Foundation.framework; path = System/Library/Frameworks/Foundation.framework; sourceTree = SDKROOT; };
		5594982715366E4100D6495D /* CoreGraphics.framework */ = {isa = PBXFileReference; lastKnownFileType = wrapper.framework; name = CoreGraphics.framework; path = System/Library/Frameworks/CoreGraphics.framework; sourceTree = SDKROOT; };
		5594982B15366E4100D6495D /* TapIt-iOS-Sample-Info.plist */ = {isa = PBXFileReference; lastKnownFileType = text.plist.xml; path = "TapIt-iOS-Sample-Info.plist"; sourceTree = "<group>"; };
		5594982D15366E4100D6495D /* en */ = {isa = PBXFileReference; lastKnownFileType = text.plist.strings; name = en; path = en.lproj/InfoPlist.strings; sourceTree = "<group>"; };
		5594982F15366E4100D6495D /* main.m */ = {isa = PBXFileReference; lastKnownFileType = sourcecode.c.objc; lineEnding = 0; path = main.m; sourceTree = "<group>"; xcLanguageSpecificationIdentifier = xcode.lang.objc; };
		5594983115366E4100D6495D /* TapIt-iOS-Sample-Prefix.pch */ = {isa = PBXFileReference; lastKnownFileType = sourcecode.c.h; path = "TapIt-iOS-Sample-Prefix.pch"; sourceTree = "<group>"; };
		5594983215366E4100D6495D /* AppDelegate.h */ = {isa = PBXFileReference; lastKnownFileType = sourcecode.c.h; lineEnding = 0; path = AppDelegate.h; sourceTree = "<group>"; xcLanguageSpecificationIdentifier = xcode.lang.objcpp; };
		5594983315366E4100D6495D /* AppDelegate.m */ = {isa = PBXFileReference; lastKnownFileType = sourcecode.c.objc; lineEnding = 0; path = AppDelegate.m; sourceTree = "<group>"; xcLanguageSpecificationIdentifier = xcode.lang.objc; };
		5594983B15366E4200D6495D /* BannerAdController.h */ = {isa = PBXFileReference; lastKnownFileType = sourcecode.c.h; lineEnding = 0; path = BannerAdController.h; sourceTree = "<group>"; xcLanguageSpecificationIdentifier = xcode.lang.objcpp; };
		5594983C15366E4200D6495D /* BannerAdController.m */ = {isa = PBXFileReference; lastKnownFileType = sourcecode.c.objc; lineEnding = 0; path = BannerAdController.m; sourceTree = "<group>"; xcLanguageSpecificationIdentifier = xcode.lang.objc; };
		5594983E15366E4200D6495D /* first.png */ = {isa = PBXFileReference; lastKnownFileType = image.png; path = first.png; sourceTree = "<group>"; };
		5594984015366E4200D6495D /* first@2x.png */ = {isa = PBXFileReference; lastKnownFileType = image.png; path = "first@2x.png"; sourceTree = "<group>"; };
		5594984215366E4200D6495D /* InterstitialController.h */ = {isa = PBXFileReference; lastKnownFileType = sourcecode.c.h; lineEnding = 0; path = InterstitialController.h; sourceTree = "<group>"; xcLanguageSpecificationIdentifier = xcode.lang.objcpp; };
		5594984315366E4200D6495D /* InterstitialController.m */ = {isa = PBXFileReference; lastKnownFileType = sourcecode.c.objc; lineEnding = 0; path = InterstitialController.m; sourceTree = "<group>"; xcLanguageSpecificationIdentifier = xcode.lang.objc; };
		5594984515366E4200D6495D /* second.png */ = {isa = PBXFileReference; lastKnownFileType = image.png; path = second.png; sourceTree = "<group>"; };
		5594984715366E4200D6495D /* second@2x.png */ = {isa = PBXFileReference; lastKnownFileType = image.png; path = "second@2x.png"; sourceTree = "<group>"; };
		5594985115366F9300D6495D /* TapItBannerAdView.m */ = {isa = PBXFileReference; fileEncoding = 4; lastKnownFileType = sourcecode.c.objc; lineEnding = 0; name = TapItBannerAdView.m; path = TapItSDK/TapItBannerAdView.m; sourceTree = "<group>"; };
		559498531536705200D6495D /* TapIt.h */ = {isa = PBXFileReference; lastKnownFileType = sourcecode.c.h; lineEnding = 0; name = TapIt.h; path = TapItSDK/Headers/TapIt.h; sourceTree = "<group>"; xcLanguageSpecificationIdentifier = xcode.lang.objcpp; };
		55949855153670D900D6495D /* TapItInterstitialAd.m */ = {isa = PBXFileReference; fileEncoding = 4; lastKnownFileType = sourcecode.c.objc; lineEnding = 0; name = TapItInterstitialAd.m; path = TapItSDK/TapItInterstitialAd.m; sourceTree = "<group>"; xcLanguageSpecificationIdentifier = xcode.lang.objc; };
		55949861153671A600D6495D /* TapItOpenUDID.h */ = {isa = PBXFileReference; fileEncoding = 4; lastKnownFileType = sourcecode.c.h; path = TapItOpenUDID.h; sourceTree = "<group>"; };
		55949862153671A600D6495D /* TapItOpenUDID.m */ = {isa = PBXFileReference; fileEncoding = 4; lastKnownFileType = sourcecode.c.objc; lineEnding = 0; path = TapItOpenUDID.m; sourceTree = "<group>"; xcLanguageSpecificationIdentifier = xcode.lang.objc; };
		55949865153672A200D6495D /* TapItAppTracker.m */ = {isa = PBXFileReference; fileEncoding = 4; lastKnownFileType = sourcecode.c.objc; lineEnding = 0; name = TapItAppTracker.m; path = TapItSDK/TapItAppTracker.m; sourceTree = "<group>"; xcLanguageSpecificationIdentifier = xcode.lang.objc; };
		559498671536751400D6495D /* TapItAppTracker.h */ = {isa = PBXFileReference; fileEncoding = 4; lastKnownFileType = sourcecode.c.h; lineEnding = 0; name = TapItAppTracker.h; path = TapItSDK/Headers/TapItAppTracker.h; sourceTree = "<group>"; xcLanguageSpecificationIdentifier = xcode.lang.objcpp; };
		559498681536751400D6495D /* TapItBannerAdView.h */ = {isa = PBXFileReference; fileEncoding = 4; lastKnownFileType = sourcecode.c.h; lineEnding = 0; name = TapItBannerAdView.h; path = TapItSDK/Headers/TapItBannerAdView.h; sourceTree = "<group>"; xcLanguageSpecificationIdentifier = xcode.lang.objcpp; };
		559498691536751400D6495D /* TapItInterstitialAd.h */ = {isa = PBXFileReference; fileEncoding = 4; lastKnownFileType = sourcecode.c.h; lineEnding = 0; name = TapItInterstitialAd.h; path = TapItSDK/Headers/TapItInterstitialAd.h; sourceTree = "<group>"; xcLanguageSpecificationIdentifier = xcode.lang.objcpp; };
		5594987F153695C400D6495D /* iAd.framework */ = {isa = PBXFileReference; lastKnownFileType = wrapper.framework; name = iAd.framework; path = System/Library/Frameworks/iAd.framework; sourceTree = SDKROOT; };
		559498861536A2E500D6495D /* TapItRequest.m */ = {isa = PBXFileReference; fileEncoding = 4; lastKnownFileType = sourcecode.c.objc; lineEnding = 0; name = TapItRequest.m; path = TapItSDK/TapItRequest.m; sourceTree = "<group>"; xcLanguageSpecificationIdentifier = xcode.lang.objc; };
		5594988C1536A35F00D6495D /* TapItAdView.h */ = {isa = PBXFileReference; fileEncoding = 4; lastKnownFileType = sourcecode.c.h; lineEnding = 0; name = TapItAdView.h; path = TapItSDK/TapItAdView.h; sourceTree = "<group>"; xcLanguageSpecificationIdentifier = xcode.lang.objcpp; };
		5594988D1536A35F00D6495D /* TapItAdView.m */ = {isa = PBXFileReference; fileEncoding = 4; lastKnownFileType = sourcecode.c.objc; lineEnding = 0; name = TapItAdView.m; path = TapItSDK/TapItAdView.m; sourceTree = "<group>"; xcLanguageSpecificationIdentifier = xcode.lang.objc; };
		5594988E1536A36000D6495D /* TapItPrivateConstants.h */ = {isa = PBXFileReference; fileEncoding = 4; lastKnownFileType = sourcecode.c.h; lineEnding = 0; name = TapItPrivateConstants.h; path = TapItSDK/TapItPrivateConstants.h; sourceTree = "<group>"; xcLanguageSpecificationIdentifier = xcode.lang.objcpp; };
		559498901536A36F00D6495D /* TapItAdDelegates.h */ = {isa = PBXFileReference; fileEncoding = 4; lastKnownFileType = sourcecode.c.h; lineEnding = 0; name = TapItAdDelegates.h; path = TapItSDK/Headers/TapItAdDelegates.h; sourceTree = "<group>"; xcLanguageSpecificationIdentifier = xcode.lang.objcpp; };
		5596594315B4C7150002620D /* libTapIt.a */ = {isa = PBXFileReference; explicitFileType = archive.ar; includeInIndex = 0; name = libTapIt.a; path = libTapIt_without_libs.a; sourceTree = BUILT_PRODUCTS_DIR; };
		5596594715B4C7150002620D /* TapIt-Prefix.pch */ = {isa = PBXFileReference; lastKnownFileType = sourcecode.c.h; path = "TapIt-Prefix.pch"; sourceTree = "<group>"; };
		5596594815B4C7150002620D /* TapIt.h */ = {isa = PBXFileReference; lastKnownFileType = sourcecode.c.h; lineEnding = 0; path = TapIt.h; sourceTree = "<group>"; xcLanguageSpecificationIdentifier = xcode.lang.objcpp; };
		5596594915B4C7150002620D /* TapIt.m */ = {isa = PBXFileReference; lastKnownFileType = sourcecode.c.objc; lineEnding = 0; path = TapIt.m; sourceTree = "<group>"; xcLanguageSpecificationIdentifier = xcode.lang.objc; };
		55A26459160D12D4009DFA5F /* en */ = {isa = PBXFileReference; lastKnownFileType = file.storyboard; name = en; path = en.lproj/MainStoryboard_iPhone.storyboard; sourceTree = "<group>"; };
		55A2645B160D12D4009DFA5F /* en */ = {isa = PBXFileReference; lastKnownFileType = file.storyboard; name = en; path = en.lproj/MainStoryboard_iPad.storyboard; sourceTree = "<group>"; };
		55A64B5A1537E7F200AFDDFF /* CHANGELOG.md */ = {isa = PBXFileReference; fileEncoding = 4; lastKnownFileType = text; lineEnding = 0; path = CHANGELOG.md; sourceTree = "<group>"; };
		55A64B5B1537E7F200AFDDFF /* JSONKit.h */ = {isa = PBXFileReference; fileEncoding = 4; lastKnownFileType = sourcecode.c.h; path = JSONKit.h; sourceTree = "<group>"; };
		55A64B5C1537E7F200AFDDFF /* JSONKit.m */ = {isa = PBXFileReference; fileEncoding = 4; lastKnownFileType = sourcecode.c.objc; path = JSONKit.m; sourceTree = "<group>"; };
		55A64B5D1537E7F200AFDDFF /* README.md */ = {isa = PBXFileReference; fileEncoding = 4; lastKnownFileType = text; path = README.md; sourceTree = "<group>"; };
		55ABC3F815A63AA200B13844 /* CoreLocation.framework */ = {isa = PBXFileReference; lastKnownFileType = wrapper.framework; name = CoreLocation.framework; path = System/Library/Frameworks/CoreLocation.framework; sourceTree = SDKROOT; };
		55BEBE5A160A8CD500072ECD /* AdSupport.framework */ = {isa = PBXFileReference; lastKnownFileType = wrapper.framework; name = AdSupport.framework; path = System/Library/Frameworks/AdSupport.framework; sourceTree = SDKROOT; };
		55C7004C15A767E700818F44 /* TapItReachability.h */ = {isa = PBXFileReference; fileEncoding = 4; lastKnownFileType = sourcecode.c.h; name = TapItReachability.h; path = Reachability/TapItReachability.h; sourceTree = "<group>"; };
		55C7004D15A767E700818F44 /* TapItReachability.m */ = {isa = PBXFileReference; fileEncoding = 4; lastKnownFileType = sourcecode.c.objc; lineEnding = 0; name = TapItReachability.m; path = Reachability/TapItReachability.m; sourceTree = "<group>"; xcLanguageSpecificationIdentifier = xcode.lang.objc; };
		55C7004F15A76AEB00818F44 /* SystemConfiguration.framework */ = {isa = PBXFileReference; lastKnownFileType = wrapper.framework; name = SystemConfiguration.framework; path = System/Library/Frameworks/SystemConfiguration.framework; sourceTree = SDKROOT; };
		55C74F6B15F0836D00981B79 /* README.txt */ = {isa = PBXFileReference; fileEncoding = 4; lastKnownFileType = text; path = README.txt; sourceTree = "<group>"; };
		55CF030A15EFDEAC00DBB5A5 /* libTapIt.a */ = {isa = PBXFileReference; explicitFileType = archive.ar; includeInIndex = 0; path = libTapIt.a; sourceTree = BUILT_PRODUCTS_DIR; };
		55DC8CDC160CE2C800558DC8 /* libTapIt_armv6.a */ = {isa = PBXFileReference; explicitFileType = archive.ar; includeInIndex = 0; path = libTapIt_armv6.a; sourceTree = BUILT_PRODUCTS_DIR; };
		55DC8CDE160CE6FA00558DC8 /* build.sh */ = {isa = PBXFileReference; lastKnownFileType = text.script.sh; path = build.sh; sourceTree = "<group>"; };
		55E0DB8815F95BA600FB8421 /* AdPromptDemoController.m */ = {isa = PBXFileReference; fileEncoding = 4; lastKnownFileType = sourcecode.c.objc; path = AdPromptDemoController.m; sourceTree = "<group>"; };
/* End PBXFileReference section */

/* Begin PBXFrameworksBuildPhase section */
		5594981C15366E4100D6495D /* Frameworks */ = {
			isa = PBXFrameworksBuildPhase;
			buildActionMask = 2147483647;
			files = (
				55FB5C641644975E00104B13 /* StoreKit.framework in Frameworks */,
				558F516E161E063700A2A4FE /* AdSupport.framework in Frameworks */,
				5532FEDC15EC37CD00427E00 /* AudioToolbox.framework in Frameworks */,
				552396CC15AC8EF2000E69CC /* CoreTelephony.framework in Frameworks */,
				55C7005015A76AEB00818F44 /* SystemConfiguration.framework in Frameworks */,
				55ABC3F915A63AA200B13844 /* CoreLocation.framework in Frameworks */,
				552EF86B15A2B572009898D4 /* QuartzCore.framework in Frameworks */,
				5594982415366E4100D6495D /* UIKit.framework in Frameworks */,
				5594982615366E4100D6495D /* Foundation.framework in Frameworks */,
				5594982815366E4100D6495D /* CoreGraphics.framework in Frameworks */,
				558F516D161E013F00A2A4FE /* libGoogleAdMobAds.a in Frameworks */,
				5532FEDD15EC37ED00427E00 /* MessageUI.framework in Frameworks */,
			);
			runOnlyForDeploymentPostprocessing = 0;
		};
		5596594015B4C7150002620D /* Frameworks */ = {
			isa = PBXFrameworksBuildPhase;
			buildActionMask = 2147483647;
			files = (
				5596595B15B4C7850002620D /* UIKit.framework in Frameworks */,
				5596595A15B4C76D0002620D /* CoreTelephony.framework in Frameworks */,
				5596595915B4C7610002620D /* CoreGraphics.framework in Frameworks */,
				5596595815B4C74D0002620D /* CoreLocation.framework in Frameworks */,
				5596595715B4C7460002620D /* QuartzCore.framework in Frameworks */,
				5596595615B4C73F0002620D /* SystemConfiguration.framework in Frameworks */,
				5596594415B4C7150002620D /* Foundation.framework in Frameworks */,
			);
			runOnlyForDeploymentPostprocessing = 0;
		};
		55CF02E215EFDEAC00DBB5A5 /* Frameworks */ = {
			isa = PBXFrameworksBuildPhase;
			buildActionMask = 2147483647;
			files = (
				5520DA681632078A0032C3AD /* StoreKit.framework in Frameworks */,
				55BEBE5B160A8CD500072ECD /* AdSupport.framework in Frameworks */,
				55CF02E315EFDEAC00DBB5A5 /* UIKit.framework in Frameworks */,
				55CF02E415EFDEAC00DBB5A5 /* CoreTelephony.framework in Frameworks */,
				55CF02E515EFDEAC00DBB5A5 /* CoreGraphics.framework in Frameworks */,
				55CF02E615EFDEAC00DBB5A5 /* CoreLocation.framework in Frameworks */,
				55CF02E715EFDEAC00DBB5A5 /* QuartzCore.framework in Frameworks */,
				55CF02E815EFDEAC00DBB5A5 /* SystemConfiguration.framework in Frameworks */,
				55CF02E915EFDEAC00DBB5A5 /* Foundation.framework in Frameworks */,
			);
			runOnlyForDeploymentPostprocessing = 0;
		};
		55DC8CC5160CE2C800558DC8 /* Frameworks */ = {
			isa = PBXFrameworksBuildPhase;
			buildActionMask = 2147483647;
			files = (
				55DC8CC7160CE2C800558DC8 /* UIKit.framework in Frameworks */,
				55DC8CC8160CE2C800558DC8 /* CoreTelephony.framework in Frameworks */,
				55DC8CC9160CE2C800558DC8 /* CoreGraphics.framework in Frameworks */,
				55DC8CCA160CE2C800558DC8 /* CoreLocation.framework in Frameworks */,
				55DC8CCB160CE2C800558DC8 /* QuartzCore.framework in Frameworks */,
				55DC8CCC160CE2C800558DC8 /* SystemConfiguration.framework in Frameworks */,
				55DC8CCD160CE2C800558DC8 /* Foundation.framework in Frameworks */,
			);
			runOnlyForDeploymentPostprocessing = 0;
		};
/* End PBXFrameworksBuildPhase section */

/* Begin PBXGroup section */
		558F50FF161DFF6900A2A4FE /* GoogleAdMobAdsSDK */ = {
			isa = PBXGroup;
			children = (
				558F516A161E00EC00A2A4FE /* GADMEnums.h */,
				558F516B161E00EC00A2A4FE /* GADMAdNetworkAdapterProtocol.h */,
				558F516C161E00EC00A2A4FE /* GADMAdNetworkConnectorProtocol.h */,
				558F5100161DFF6900A2A4FE /* Add-ons */,
				558F5158161DFF6900A2A4FE /* GADAdMobExtras.h */,
				558F5159161DFF6900A2A4FE /* GADAdNetworkExtras.h */,
				558F515A161DFF6900A2A4FE /* GADAdSize.h */,
				558F515B161DFF6900A2A4FE /* GADBannerView.h */,
				558F515C161DFF6900A2A4FE /* GADBannerViewDelegate.h */,
				558F515D161DFF6900A2A4FE /* GADInterstitial.h */,
				558F515E161DFF6900A2A4FE /* GADInterstitialDelegate.h */,
				558F515F161DFF6900A2A4FE /* GADRequest.h */,
				558F5160161DFF6900A2A4FE /* GADRequestError.h */,
				558F5161161DFF6900A2A4FE /* libGoogleAdMobAds.a */,
				558F5162161DFF6900A2A4FE /* README.txt */,
			);
			path = GoogleAdMobAdsSDK;
			sourceTree = "<group>";
		};
		558F5100161DFF6900A2A4FE /* Add-ons */ = {
			isa = PBXGroup;
			children = (
				558F514E161DFF6900A2A4FE /* Mediation */,
			);
			path = "Add-ons";
			sourceTree = "<group>";
		};
		558F514E161DFF6900A2A4FE /* Mediation */ = {
			isa = PBXGroup;
			children = (
				558F514F161DFF6900A2A4FE /* GADCustomEventBanner.h */,
				558F5150161DFF6900A2A4FE /* GADCustomEventBannerDelegate.h */,
				558F5151161DFF6900A2A4FE /* GADCustomEventExtras.h */,
				558F5152161DFF6900A2A4FE /* GADCustomEventInterstitial.h */,
				558F5153161DFF6900A2A4FE /* GADCustomEventInterstitialDelegate.h */,
				558F5154161DFF6900A2A4FE /* GADCustomEventRequest.h */,
			);
			path = Mediation;
			sourceTree = "<group>";
		};
		5594981415366E4100D6495D = {
			isa = PBXGroup;
			children = (
				5520DA65163207600032C3AD /* StoreKit.framework */,
				55DC8CDE160CE6FA00558DC8 /* build.sh */,
				55BEBE5A160A8CD500072ECD /* AdSupport.framework */,
				5528EECB15FFBB51009ED3A4 /* LICENSE */,
				55C74F6B15F0836D00981B79 /* README.txt */,
				550C62FA15B638A800570F4A /* MessageUI.framework */,
				550C62F815B6389E00570F4A /* AudioToolbox.framework */,
				552396CB15AC8EF2000E69CC /* CoreTelephony.framework */,
				55C7004F15A76AEB00818F44 /* SystemConfiguration.framework */,
				55ABC3F815A63AA200B13844 /* CoreLocation.framework */,
				552EF86A15A2B572009898D4 /* QuartzCore.framework */,
				5572AABA15997D1000D3E5A6 /* README.md */,
				5594985F153671A600D6495D /* Lib */,
				5594984E15366E4900D6495D /* TapItSDK */,
				5594982915366E4100D6495D /* TapIt-iOS-Sample */,
				5596594515B4C7150002620D /* TapIt */,
				5594982215366E4100D6495D /* Frameworks */,
				5594982015366E4100D6495D /* Products */,
			);
			sourceTree = "<group>";
		};
		5594982015366E4100D6495D /* Products */ = {
			isa = PBXGroup;
			children = (
				5594981F15366E4100D6495D /* TapIt-iOS-Sample.app */,
				5596594315B4C7150002620D /* libTapIt.a */,
				55CF030A15EFDEAC00DBB5A5 /* libTapIt.a */,
				55DC8CDC160CE2C800558DC8 /* libTapIt_armv6.a */,
			);
			name = Products;
			sourceTree = "<group>";
		};
		5594982215366E4100D6495D /* Frameworks */ = {
			isa = PBXGroup;
			children = (
				5594987F153695C400D6495D /* iAd.framework */,
				5594982315366E4100D6495D /* UIKit.framework */,
				5594982515366E4100D6495D /* Foundation.framework */,
				5594982715366E4100D6495D /* CoreGraphics.framework */,
			);
			name = Frameworks;
			sourceTree = "<group>";
		};
		5594982915366E4100D6495D /* TapIt-iOS-Sample */ = {
			isa = PBXGroup;
			children = (
				55A26458160D12D4009DFA5F /* MainStoryboard_iPhone.storyboard */,
				55A2645A160D12D4009DFA5F /* MainStoryboard_iPad.storyboard */,
				5594982A15366E4100D6495D /* Supporting Files */,
				5594983E15366E4200D6495D /* first.png */,
				5594984015366E4200D6495D /* first@2x.png */,
				5594984515366E4200D6495D /* second.png */,
				5594984715366E4200D6495D /* second@2x.png */,
				5594983215366E4100D6495D /* AppDelegate.h */,
				5594983315366E4100D6495D /* AppDelegate.m */,
				5594983B15366E4200D6495D /* BannerAdController.h */,
				5594983C15366E4200D6495D /* BannerAdController.m */,
				5594984215366E4200D6495D /* InterstitialController.h */,
				5594984315366E4200D6495D /* InterstitialController.m */,
				55880A1E15C0707600D9381C /* AdPromptDemoController.h */,
				55E0DB8815F95BA600FB8421 /* AdPromptDemoController.m */,
				5532FEDE15EC3A6400427E00 /* AdMobController.h */,
				5532FEDF15EC3A6400427E00 /* AdMobController.m */,
			);
			path = "TapIt-iOS-Sample";
			sourceTree = "<group>";
		};
		5594982A15366E4100D6495D /* Supporting Files */ = {
			isa = PBXGroup;
			children = (
				5594982B15366E4100D6495D /* TapIt-iOS-Sample-Info.plist */,
				5594982C15366E4100D6495D /* InfoPlist.strings */,
				5594982F15366E4100D6495D /* main.m */,
				5594983115366E4100D6495D /* TapIt-iOS-Sample-Prefix.pch */,
			);
			name = "Supporting Files";
			sourceTree = "<group>";
		};
		5594984E15366E4900D6495D /* TapItSDK */ = {
			isa = PBXGroup;
			children = (
				55716B0B15C31D1A00075FBE /* TapIt.bundle */,
				5594984F15366E5500D6495D /* Headers */,
				5594988C1536A35F00D6495D /* TapItAdView.h */,
				5594988D1536A35F00D6495D /* TapItAdView.m */,
				5594988E1536A36000D6495D /* TapItPrivateConstants.h */,
				5594985115366F9300D6495D /* TapItBannerAdView.m */,
				55949855153670D900D6495D /* TapItInterstitialAd.m */,
				55949865153672A200D6495D /* TapItAppTracker.m */,
				559498861536A2E500D6495D /* TapItRequest.m */,
				55202BFA1537A04A00B2244E /* TapItAdManager.h */,
				55202BFB1537A04A00B2244E /* TapItAdManager.m */,
				552E9A701538CA0A00FD22C4 /* TapItAdManagerDelegate.h */,
				5581896115A258E800B14BCD /* TapItLightboxAdViewController.h */,
				5581896215A258E800B14BCD /* TapItLightboxAdViewController.m */,
				5521353215A3CBB00048179D /* TapItInterstitialAdViewController.h */,
				5521353315A3CBB00048179D /* TapItInterstitialAdViewController.m */,
				558F1D4E15BA3DB600670940 /* TapItAdPrompt.m */,
				55880AFE15C1B00900D9381C /* TapItBrowserController.h */,
				55880AFF15C1B00A00D9381C /* TapItBrowserController.m */,
				5532FEB915EC35AB00427E00 /* TapItMediationAdMob.h */,
				5532FEBA15EC35AB00427E00 /* TapItMediationAdMob.m */,
				552A796E1641EEBF00C0BEB2 /* TapItURLConnectionManager.h */,
				552A796F1641EEBF00C0BEB2 /* TapItURLConnectionManager.m */,
			);
			name = TapItSDK;
			sourceTree = "<group>";
		};
		5594984F15366E5500D6495D /* Headers */ = {
			isa = PBXGroup;
			children = (
				55716AF615C2204000075FBE /* TapItAdPrompt.h */,
				55716AF715C2204000075FBE /* TapItRequest.h */,
				559498901536A36F00D6495D /* TapItAdDelegates.h */,
				559498671536751400D6495D /* TapItAppTracker.h */,
				559498681536751400D6495D /* TapItBannerAdView.h */,
				559498691536751400D6495D /* TapItInterstitialAd.h */,
				559498531536705200D6495D /* TapIt.h */,
				552E9A711538CDB400FD22C4 /* TapItConstants.h */,
			);
			name = Headers;
			sourceTree = "<group>";
		};
		5594985F153671A600D6495D /* Lib */ = {
			isa = PBXGroup;
			children = (
				558F50FF161DFF6900A2A4FE /* GoogleAdMobAdsSDK */,
				55C7004A15A765EB00818F44 /* Reachability */,
				55A64B591537E7F200AFDDFF /* JSONKit */,
				55202C011537C59C00B2244E /* NSDictionary+QueryStringBuilder.h */,
				55202C021537C59C00B2244E /* NSDictionary+QueryStringBuilder.m */,
				55949860153671A600D6495D /* OpenUDID */,
			);
			path = Lib;
			sourceTree = "<group>";
		};
		55949860153671A600D6495D /* OpenUDID */ = {
			isa = PBXGroup;
			children = (
				55949861153671A600D6495D /* TapItOpenUDID.h */,
				55949862153671A600D6495D /* TapItOpenUDID.m */,
			);
			path = OpenUDID;
			sourceTree = "<group>";
		};
		5596594515B4C7150002620D /* TapIt */ = {
			isa = PBXGroup;
			children = (
				5596594815B4C7150002620D /* TapIt.h */,
				5596594915B4C7150002620D /* TapIt.m */,
				5596594615B4C7150002620D /* Supporting Files */,
			);
			path = TapIt;
			sourceTree = "<group>";
		};
		5596594615B4C7150002620D /* Supporting Files */ = {
			isa = PBXGroup;
			children = (
				5596594715B4C7150002620D /* TapIt-Prefix.pch */,
			);
			name = "Supporting Files";
			sourceTree = "<group>";
		};
		55A64B591537E7F200AFDDFF /* JSONKit */ = {
			isa = PBXGroup;
			children = (
				55A64B5A1537E7F200AFDDFF /* CHANGELOG.md */,
				55A64B5B1537E7F200AFDDFF /* JSONKit.h */,
				55A64B5C1537E7F200AFDDFF /* JSONKit.m */,
				55A64B5D1537E7F200AFDDFF /* README.md */,
			);
			path = JSONKit;
			sourceTree = "<group>";
		};
		55C7004A15A765EB00818F44 /* Reachability */ = {
			isa = PBXGroup;
			children = (
				55C7004C15A767E700818F44 /* TapItReachability.h */,
				55C7004D15A767E700818F44 /* TapItReachability.m */,
			);
			name = Reachability;
			sourceTree = "<group>";
		};
/* End PBXGroup section */

/* Begin PBXHeadersBuildPhase section */
		5596594115B4C7150002620D /* Headers */ = {
			isa = PBXHeadersBuildPhase;
			buildActionMask = 2147483647;
			files = (
				5596595015B4C72E0002620D /* TapItAdDelegates.h in Headers */,
				5596595115B4C72E0002620D /* TapItAppTracker.h in Headers */,
				5596595215B4C72E0002620D /* TapItBannerAdView.h in Headers */,
				5596595315B4C72E0002620D /* TapItInterstitialAd.h in Headers */,
				5596595415B4C72E0002620D /* TapIt.h in Headers */,
				5596595515B4C72E0002620D /* TapItConstants.h in Headers */,
				55716AF815C311F200075FBE /* TapItAdPrompt.h in Headers */,
				55716AF915C311F200075FBE /* TapItRequest.h in Headers */,
			);
			runOnlyForDeploymentPostprocessing = 0;
		};
		55CF02EA15EFDEAC00DBB5A5 /* Headers */ = {
			isa = PBXHeadersBuildPhase;
			buildActionMask = 2147483647;
			files = (
				55CF02EB15EFDEAC00DBB5A5 /* TapItAdDelegates.h in Headers */,
				55CF02EC15EFDEAC00DBB5A5 /* TapItAppTracker.h in Headers */,
				55CF02ED15EFDEAC00DBB5A5 /* TapItBannerAdView.h in Headers */,
				55CF02EE15EFDEAC00DBB5A5 /* TapItInterstitialAd.h in Headers */,
				55CF02EF15EFDEAC00DBB5A5 /* TapIt.h in Headers */,
				55CF02F015EFDEAC00DBB5A5 /* TapItConstants.h in Headers */,
				55CF02F115EFDEAC00DBB5A5 /* TapItAdPrompt.h in Headers */,
				55CF02F215EFDEAC00DBB5A5 /* TapItRequest.h in Headers */,
				552A79701641EEBF00C0BEB2 /* TapItURLConnectionManager.h in Headers */,
			);
			runOnlyForDeploymentPostprocessing = 0;
		};
		55DC8CCE160CE2C800558DC8 /* Headers */ = {
			isa = PBXHeadersBuildPhase;
			buildActionMask = 2147483647;
			files = (
				55DC8CCF160CE2C800558DC8 /* TapItAdDelegates.h in Headers */,
				55DC8CD0160CE2C800558DC8 /* TapItAppTracker.h in Headers */,
				55DC8CD1160CE2C800558DC8 /* TapItBannerAdView.h in Headers */,
				55DC8CD2160CE2C800558DC8 /* TapItInterstitialAd.h in Headers */,
				55DC8CD3160CE2C800558DC8 /* TapIt.h in Headers */,
				55DC8CD4160CE2C800558DC8 /* TapItConstants.h in Headers */,
				55DC8CD5160CE2C800558DC8 /* TapItAdPrompt.h in Headers */,
				55DC8CD6160CE2C800558DC8 /* TapItRequest.h in Headers */,
				552A79711641EEBF00C0BEB2 /* TapItURLConnectionManager.h in Headers */,
			);
			runOnlyForDeploymentPostprocessing = 0;
		};
/* End PBXHeadersBuildPhase section */

/* Begin PBXNativeTarget section */
		5594981E15366E4100D6495D /* TapIt-iOS-Sample */ = {
			isa = PBXNativeTarget;
			buildConfigurationList = 5594984B15366E4200D6495D /* Build configuration list for PBXNativeTarget "TapIt-iOS-Sample" */;
			buildPhases = (
				5594981B15366E4100D6495D /* Sources */,
				5594981C15366E4100D6495D /* Frameworks */,
				5594981D15366E4100D6495D /* Resources */,
			);
			buildRules = (
			);
			dependencies = (
			);
			name = "TapIt-iOS-Sample";
			productName = "TapIt-iOS-Sample";
			productReference = 5594981F15366E4100D6495D /* TapIt-iOS-Sample.app */;
			productType = "com.apple.product-type.application";
		};
		5596594215B4C7150002620D /* TapIt_without_libs */ = {
			isa = PBXNativeTarget;
			buildConfigurationList = 5596594B15B4C7150002620D /* Build configuration list for PBXNativeTarget "TapIt_without_libs" */;
			buildPhases = (
				5596593F15B4C7150002620D /* Sources */,
				5596594015B4C7150002620D /* Frameworks */,
				5596594115B4C7150002620D /* Headers */,
				5596596A15B4C7EB0002620D /* ShellScript */,
			);
			buildRules = (
			);
			dependencies = (
			);
			name = TapIt_without_libs;
			productName = TapIt;
			productReference = 5596594315B4C7150002620D /* libTapIt.a */;
			productType = "com.apple.product-type.library.static";
		};
		55CF02D615EFDEAC00DBB5A5 /* TapIt */ = {
			isa = PBXNativeTarget;
			buildConfigurationList = 55CF030615EFDEAC00DBB5A5 /* Build configuration list for PBXNativeTarget "TapIt" */;
			buildPhases = (
				55CF02D715EFDEAC00DBB5A5 /* Sources */,
				55CF02E215EFDEAC00DBB5A5 /* Frameworks */,
				55CF02EA15EFDEAC00DBB5A5 /* Headers */,
				55CF030515EFDEAC00DBB5A5 /* ShellScript */,
			);
			buildRules = (
			);
			dependencies = (
			);
			name = TapIt;
			productName = TapIt;
			productReference = 55CF030A15EFDEAC00DBB5A5 /* libTapIt.a */;
			productType = "com.apple.product-type.library.static";
		};
		55DC8CB4160CE2C800558DC8 /* TapIt-armv6 */ = {
			isa = PBXNativeTarget;
			buildConfigurationList = 55DC8CD8160CE2C800558DC8 /* Build configuration list for PBXNativeTarget "TapIt-armv6" */;
			buildPhases = (
				55DC8CB5160CE2C800558DC8 /* Sources */,
				55DC8CC5160CE2C800558DC8 /* Frameworks */,
				55DC8CCE160CE2C800558DC8 /* Headers */,
			);
			buildRules = (
			);
			dependencies = (
			);
			name = "TapIt-armv6";
			productName = TapIt;
			productReference = 55DC8CDC160CE2C800558DC8 /* libTapIt_armv6.a */;
			productType = "com.apple.product-type.library.static";
		};
/* End PBXNativeTarget section */

/* Begin PBXProject section */
		5594981615366E4100D6495D /* Project object */ = {
			isa = PBXProject;
			attributes = {
				LastUpgradeCheck = 0450;
			};
			buildConfigurationList = 5594981915366E4100D6495D /* Build configuration list for PBXProject "TapIt-iOS-Sample" */;
			compatibilityVersion = "Xcode 3.2";
			developmentRegion = English;
			hasScannedForEncodings = 0;
			knownRegions = (
				en,
			);
			mainGroup = 5594981415366E4100D6495D;
			productRefGroup = 5594982015366E4100D6495D /* Products */;
			projectDirPath = "";
			projectRoot = "";
			targets = (
				5594981E15366E4100D6495D /* TapIt-iOS-Sample */,
				55CF02D615EFDEAC00DBB5A5 /* TapIt */,
				5596594215B4C7150002620D /* TapIt_without_libs */,
				55DC8CB4160CE2C800558DC8 /* TapIt-armv6 */,
			);
		};
/* End PBXProject section */

/* Begin PBXResourcesBuildPhase section */
		5594981D15366E4100D6495D /* Resources */ = {
			isa = PBXResourcesBuildPhase;
			buildActionMask = 2147483647;
			files = (
				5594982E15366E4100D6495D /* InfoPlist.strings in Resources */,
				5594983F15366E4200D6495D /* first.png in Resources */,
				5594984115366E4200D6495D /* first@2x.png in Resources */,
				5594984615366E4200D6495D /* second.png in Resources */,
				5594984815366E4200D6495D /* second@2x.png in Resources */,
				55716B0C15C31D1A00075FBE /* TapIt.bundle in Resources */,
				5528EECC15FFBB51009ED3A4 /* LICENSE in Resources */,
				55A2645C160D12D4009DFA5F /* MainStoryboard_iPhone.storyboard in Resources */,
				55A2645D160D12D4009DFA5F /* MainStoryboard_iPad.storyboard in Resources */,
			);
			runOnlyForDeploymentPostprocessing = 0;
		};
/* End PBXResourcesBuildPhase section */

/* Begin PBXShellScriptBuildPhase section */
		5596596A15B4C7EB0002620D /* ShellScript */ = {
			isa = PBXShellScriptBuildPhase;
			buildActionMask = 2147483647;
			files = (
			);
			inputPaths = (
			);
			outputPaths = (
			);
			runOnlyForDeploymentPostprocessing = 0;
			shellPath = /bin/sh;
			shellScript = "# Version 2.0 (updated for Xcode 4, with some fixes)\n# Changes:\n#    - Works with xcode 4, even when running xcode 3 projects (Workarounds for apple bugs)\n#    - Faster / better: only runs lipo once, instead of once per recursion\n#    - Added some debugging statemetns that can be switched on/off by changing the DEBUG_THIS_SCRIPT variable to \"true\"\n#    - Fixed some typos\n# \n# Purpose:\n#   Create a static library for iPhone from within XCode\n#   Because Apple staff DELIBERATELY broke Xcode to make this impossible from the GUI (Xcode 3.2.3 specifically states this in the Release notes!)\n#   ...no, I don't understand why they did this!\n#\n# Author: Adam Martin - http://twitter.com/redglassesapps\n# Based on: original script from Eonil (main changes: Eonil's script WILL NOT WORK in Xcode GUI - it WILL CRASH YOUR COMPUTER)\n#\n# More info: see this Stack Overflow question: http://stackoverflow.com/questions/3520977/build-fat-static-library-device-simulator-using-xcode-and-sdk-4\n\n#################[ Tests: helps workaround any future bugs in Xcode ]########\n#\nDEBUG_THIS_SCRIPT=\"false\"\n\nif [ $DEBUG_THIS_SCRIPT = \"true\" ]\nthen\necho \"########### TESTS #############\"\necho \"Use the following variables when debugging this script; note that they may change on recursions\"\necho \"BUILD_DIR = $BUILD_DIR\"\necho \"BUILD_ROOT = $BUILD_ROOT\"\necho \"CONFIGURATION_BUILD_DIR = $CONFIGURATION_BUILD_DIR\"\necho \"BUILT_PRODUCTS_DIR = $BUILT_PRODUCTS_DIR\"\necho \"CONFIGURATION_TEMP_DIR = $CONFIGURATION_TEMP_DIR\"\necho \"TARGET_BUILD_DIR = $TARGET_BUILD_DIR\"\nfi\n\n#####################[ part 1 ]##################\n# First, work out the BASESDK version number (NB: Apple ought to report this, but they hide it)\n#    (incidental: searching for substrings in sh is a nightmare! Sob)\n\nSDK_VERSION=$(echo ${SDK_NAME} | grep -o '.\\{3\\}$')\n\n# Next, work out if we're in SIM or DEVICE\n\nif [ ${PLATFORM_NAME} = \"iphonesimulator\" ]\nthen\nOTHER_SDK_TO_BUILD=iphoneos${SDK_VERSION}\nelse\nOTHER_SDK_TO_BUILD=iphonesimulator${SDK_VERSION}\nfi\n\necho \"XCode has selected SDK: ${PLATFORM_NAME} with version: ${SDK_VERSION} (although back-targetting: ${IPHONEOS_DEPLOYMENT_TARGET})\"\necho \"...therefore, OTHER_SDK_TO_BUILD = ${OTHER_SDK_TO_BUILD}\"\n#\n#####################[ end of part 1 ]##################\n\n#####################[ part 2 ]##################\n#\n# IF this is the original invocation, invoke WHATEVER other builds are required\n#\n# Xcode is already building ONE target...\n#\n# ...but this is a LIBRARY, so Apple is wrong to set it to build just one.\n# ...we need to build ALL targets\n# ...we MUST NOT re-build the target that is ALREADY being built: Xcode WILL CRASH YOUR COMPUTER if you try this (infinite recursion!)\n#\n#\n# So: build ONLY the missing platforms/configurations.\n\nif [ \"true\" == ${ALREADYINVOKED:-false} ]\nthen\necho \"RECURSION: I am NOT the root invocation, so I'm NOT going to recurse\"\nelse\n# CRITICAL:\n# Prevent infinite recursion (Xcode sucks)\nexport ALREADYINVOKED=\"true\"\n\necho \"RECURSION: I am the root ... recursing all missing build targets NOW...\"\necho \"RECURSION: ...about to invoke: xcodebuild -configuration \\\"${CONFIGURATION}\\\" -target \\\"${TARGET_NAME}\\\" -sdk \\\"${OTHER_SDK_TO_BUILD}\\\" ${ACTION} RUN_CLANG_STATIC_ANALYZER=NO\"\nxcodebuild -configuration \"${CONFIGURATION}\" -target \"${TARGET_NAME}\" -sdk \"${OTHER_SDK_TO_BUILD}\" ${ACTION} RUN_CLANG_STATIC_ANALYZER=NO BUILD_DIR=\"${BUILD_DIR}\" BUILD_ROOT=\"${BUILD_ROOT}\"\n\nACTION=\"build\"\n\n#Merge all platform binaries as a fat binary for each configurations.\n\n# Calculate where the (multiple) built files are coming from:\nCURRENTCONFIG_DEVICE_DIR=${SYMROOT}/${CONFIGURATION}-iphoneos\nCURRENTCONFIG_SIMULATOR_DIR=${SYMROOT}/${CONFIGURATION}-iphonesimulator\n\necho \"Taking device build from: ${CURRENTCONFIG_DEVICE_DIR}\"\necho \"Taking simulator build from: ${CURRENTCONFIG_SIMULATOR_DIR}\"\n\nCREATING_UNIVERSAL_DIR=${SYMROOT}/${CONFIGURATION}-universal\necho \"...I will output a universal build to: ${CREATING_UNIVERSAL_DIR}\"\n\n# ... remove the products of previous runs of this script\n#      NB: this directory is ONLY created by this script - it should be safe to delete!\n\nrm -rf \"${CREATING_UNIVERSAL_DIR}\"\nmkdir \"${CREATING_UNIVERSAL_DIR}\"\n\n#\necho \"lipo: for current configuration (${CONFIGURATION}) creating output file: ${CREATING_UNIVERSAL_DIR}/${EXECUTABLE_NAME}\"\nlipo -create -output \"${CREATING_UNIVERSAL_DIR}/${EXECUTABLE_NAME}\" \"${CURRENTCONFIG_DEVICE_DIR}/${EXECUTABLE_NAME}\" \"${CURRENTCONFIG_SIMULATOR_DIR}/${EXECUTABLE_NAME}\"\n\n#########\n#\n# Added: StackOverflow suggestion to also copy \"include\" files\n#    (untested, but should work OK)\n#\nif [ -d \"${CURRENTCONFIG_DEVICE_DIR}/usr/local/include\" ]\nthen\nmkdir -p \"${CREATING_UNIVERSAL_DIR}/usr/local/include\"\n# * needs to be outside the double quotes?\ncp \"${CURRENTCONFIG_DEVICE_DIR}/usr/local/include/\"* \"${CREATING_UNIVERSAL_DIR}/usr/local/include\"\nfi\nfi\n";
		};
		55CF030515EFDEAC00DBB5A5 /* ShellScript */ = {
			isa = PBXShellScriptBuildPhase;
			buildActionMask = 2147483647;
			files = (
			);
			inputPaths = (
			);
			outputPaths = (
			);
			runOnlyForDeploymentPostprocessing = 0;
			shellPath = /bin/sh;
			shellScript = "# Version 2.0 (updated for Xcode 4, with some fixes)\n# Changes:\n#    - Works with xcode 4, even when running xcode 3 projects (Workarounds for apple bugs)\n#    - Faster / better: only runs lipo once, instead of once per recursion\n#    - Added some debugging statemetns that can be switched on/off by changing the DEBUG_THIS_SCRIPT variable to \"true\"\n#    - Fixed some typos\n# \n# Purpose:\n#   Create a static library for iPhone from within XCode\n#   Because Apple staff DELIBERATELY broke Xcode to make this impossible from the GUI (Xcode 3.2.3 specifically states this in the Release notes!)\n#   ...no, I don't understand why they did this!\n#\n# Author: Adam Martin - http://twitter.com/redglassesapps\n# Based on: original script from Eonil (main changes: Eonil's script WILL NOT WORK in Xcode GUI - it WILL CRASH YOUR COMPUTER)\n#\n# More info: see this Stack Overflow question: http://stackoverflow.com/questions/3520977/build-fat-static-library-device-simulator-using-xcode-and-sdk-4\n\n#################[ Tests: helps workaround any future bugs in Xcode ]########\n#\nDEBUG_THIS_SCRIPT=\"false\"\n\nif [ $DEBUG_THIS_SCRIPT = \"true\" ]\nthen\necho \"########### TESTS #############\"\necho \"Use the following variables when debugging this script; note that they may change on recursions\"\necho \"BUILD_DIR = $BUILD_DIR\"\necho \"BUILD_ROOT = $BUILD_ROOT\"\necho \"CONFIGURATION_BUILD_DIR = $CONFIGURATION_BUILD_DIR\"\necho \"BUILT_PRODUCTS_DIR = $BUILT_PRODUCTS_DIR\"\necho \"CONFIGURATION_TEMP_DIR = $CONFIGURATION_TEMP_DIR\"\necho \"TARGET_BUILD_DIR = $TARGET_BUILD_DIR\"\nfi\n\n#####################[ part 1 ]##################\n# First, work out the BASESDK version number (NB: Apple ought to report this, but they hide it)\n#    (incidental: searching for substrings in sh is a nightmare! Sob)\n\nSDK_VERSION=$(echo ${SDK_NAME} | grep -o '.\\{3\\}$')\n\n# Next, work out if we're in SIM or DEVICE\n\nif [ ${PLATFORM_NAME} = \"iphonesimulator\" ]\nthen\nOTHER_SDK_TO_BUILD=iphoneos${SDK_VERSION}\nelse\nOTHER_SDK_TO_BUILD=iphonesimulator${SDK_VERSION}\nfi\n\necho \"XCode has selected SDK: ${PLATFORM_NAME} with version: ${SDK_VERSION} (although back-targetting: ${IPHONEOS_DEPLOYMENT_TARGET})\"\necho \"...therefore, OTHER_SDK_TO_BUILD = ${OTHER_SDK_TO_BUILD}\"\n#\n#####################[ end of part 1 ]##################\n\n#####################[ part 2 ]##################\n#\n# IF this is the original invocation, invoke WHATEVER other builds are required\n#\n# Xcode is already building ONE target...\n#\n# ...but this is a LIBRARY, so Apple is wrong to set it to build just one.\n# ...we need to build ALL targets\n# ...we MUST NOT re-build the target that is ALREADY being built: Xcode WILL CRASH YOUR COMPUTER if you try this (infinite recursion!)\n#\n#\n# So: build ONLY the missing platforms/configurations.\n\nif [ \"true\" == ${ALREADYINVOKED:-false} ]\nthen\necho \"RECURSION: I am NOT the root invocation, so I'm NOT going to recurse\"\nelse\n# CRITICAL:\n# Prevent infinite recursion (Xcode sucks)\nexport ALREADYINVOKED=\"true\"\n\necho \"RECURSION: I am the root ... recursing all missing build targets NOW...\"\necho \"RECURSION: ...about to invoke: xcodebuild -configuration \\\"${CONFIGURATION}\\\" -target \\\"${TARGET_NAME}\\\" -sdk \\\"${OTHER_SDK_TO_BUILD}\\\" ${ACTION} RUN_CLANG_STATIC_ANALYZER=NO\"\nxcodebuild -configuration \"${CONFIGURATION}\" -target \"${TARGET_NAME}\" -sdk \"${OTHER_SDK_TO_BUILD}\" ${ACTION} RUN_CLANG_STATIC_ANALYZER=NO BUILD_DIR=\"${BUILD_DIR}\" BUILD_ROOT=\"${BUILD_ROOT}\"\n\nACTION=\"build\"\n\n#Merge all platform binaries as a fat binary for each configurations.\n\n# Calculate where the (multiple) built files are coming from:\nCURRENTCONFIG_DEVICE_DIR=${SYMROOT}/${CONFIGURATION}-iphoneos\nCURRENTCONFIG_SIMULATOR_DIR=${SYMROOT}/${CONFIGURATION}-iphonesimulator\n\necho \"Taking device build from: ${CURRENTCONFIG_DEVICE_DIR}\"\necho \"Taking simulator build from: ${CURRENTCONFIG_SIMULATOR_DIR}\"\n\nCREATING_UNIVERSAL_DIR=${SYMROOT}/${CONFIGURATION}-universal\necho \"...I will output a universal build to: ${CREATING_UNIVERSAL_DIR}\"\n\n# ... remove the products of previous runs of this script\n#      NB: this directory is ONLY created by this script - it should be safe to delete!\n\nrm -rf \"${CREATING_UNIVERSAL_DIR}\"\nmkdir \"${CREATING_UNIVERSAL_DIR}\"\n\n#\necho \"lipo: for current configuration (${CONFIGURATION}) creating output file: ${CREATING_UNIVERSAL_DIR}/${EXECUTABLE_NAME}\"\nlipo -create -output \"${CREATING_UNIVERSAL_DIR}/${EXECUTABLE_NAME}\" \"${CURRENTCONFIG_DEVICE_DIR}/${EXECUTABLE_NAME}\" \"${CURRENTCONFIG_SIMULATOR_DIR}/${EXECUTABLE_NAME}\"\n\n#########\n#\n# Added: StackOverflow suggestion to also copy \"include\" files\n#    (untested, but should work OK)\n#\nif [ -d \"${CURRENTCONFIG_DEVICE_DIR}/usr/local/include\" ]\nthen\nmkdir -p \"${CREATING_UNIVERSAL_DIR}/usr/local/include\"\n# * needs to be outside the double quotes?\ncp \"${CURRENTCONFIG_DEVICE_DIR}/usr/local/include/\"* \"${CREATING_UNIVERSAL_DIR}/usr/local/include\"\nfi\nfi\n";
		};
/* End PBXShellScriptBuildPhase section */

/* Begin PBXSourcesBuildPhase section */
		5594981B15366E4100D6495D /* Sources */ = {
			isa = PBXSourcesBuildPhase;
			buildActionMask = 2147483647;
			files = (
				55F9A37B1616601200A41AE6 /* AdMobController.m in Sources */,
				5594983015366E4100D6495D /* main.m in Sources */,
				5594983415366E4100D6495D /* AppDelegate.m in Sources */,
				5594983D15366E4200D6495D /* BannerAdController.m in Sources */,
				5594984415366E4200D6495D /* InterstitialController.m in Sources */,
				5594985215366F9300D6495D /* TapItBannerAdView.m in Sources */,
				55949856153670D900D6495D /* TapItInterstitialAd.m in Sources */,
				55949863153671A600D6495D /* TapItOpenUDID.m in Sources */,
				55949866153672A200D6495D /* TapItAppTracker.m in Sources */,
				559498871536A2E500D6495D /* TapItRequest.m in Sources */,
				5594988F1536A36100D6495D /* TapItAdView.m in Sources */,
				55202BFC1537A04A00B2244E /* TapItAdManager.m in Sources */,
				55202C031537C59C00B2244E /* NSDictionary+QueryStringBuilder.m in Sources */,
				55A64B5F1537E7F200AFDDFF /* JSONKit.m in Sources */,
				5581896315A258E800B14BCD /* TapItLightboxAdViewController.m in Sources */,
				5521353415A3CBB10048179D /* TapItInterstitialAdViewController.m in Sources */,
				55C7004E15A767E700818F44 /* TapItReachability.m in Sources */,
				558F1D4F15BA3DB600670940 /* TapItAdPrompt.m in Sources */,
				55880B0015C1B00A00D9381C /* TapItBrowserController.m in Sources */,
				5532FEBB15EC35AB00427E00 /* TapItMediationAdMob.m in Sources */,
				55E0DB8915F95BA600FB8421 /* AdPromptDemoController.m in Sources */,
			);
			runOnlyForDeploymentPostprocessing = 0;
		};
		5596593F15B4C7150002620D /* Sources */ = {
			isa = PBXSourcesBuildPhase;
			buildActionMask = 2147483647;
			files = (
				55716B6415C3265400075FBE /* TapItAdPrompt.m in Sources */,
				55716B5C15C3214200075FBE /* TapItBrowserController.m in Sources */,
				5596596015B4C7B30002620D /* TapItAdView.m in Sources */,
				5596596115B4C7B30002620D /* TapItBannerAdView.m in Sources */,
				5596596215B4C7B30002620D /* TapItInterstitialAd.m in Sources */,
				5596596315B4C7B30002620D /* TapItAppTracker.m in Sources */,
				5596596415B4C7B30002620D /* TapItRequest.m in Sources */,
				5596596515B4C7B30002620D /* TapItAdManager.m in Sources */,
				5596596815B4C7B30002620D /* TapItLightboxAdViewController.m in Sources */,
				5596596915B4C7B30002620D /* TapItInterstitialAdViewController.m in Sources */,
			);
			runOnlyForDeploymentPostprocessing = 0;
		};
		55CF02D715EFDEAC00DBB5A5 /* Sources */ = {
			isa = PBXSourcesBuildPhase;
			buildActionMask = 2147483647;
			files = (
				55F775CD160A418D00ADA381 /* TapItMediationAdMob.m in Sources */,
				55CF030C15EFDED600DBB5A5 /* TapItReachability.m in Sources */,
				55CF030D15EFDED600DBB5A5 /* JSONKit.m in Sources */,
				55CF030E15EFDED600DBB5A5 /* NSDictionary+QueryStringBuilder.m in Sources */,
				55CF030F15EFDED600DBB5A5 /* TapItOpenUDID.m in Sources */,
				55CF02D815EFDEAC00DBB5A5 /* TapItAdPrompt.m in Sources */,
				55CF02D915EFDEAC00DBB5A5 /* TapItBrowserController.m in Sources */,
				55CF02DA15EFDEAC00DBB5A5 /* TapItAdView.m in Sources */,
				55CF02DB15EFDEAC00DBB5A5 /* TapItBannerAdView.m in Sources */,
				55CF02DC15EFDEAC00DBB5A5 /* TapItInterstitialAd.m in Sources */,
				55CF02DD15EFDEAC00DBB5A5 /* TapItAppTracker.m in Sources */,
				55CF02DE15EFDEAC00DBB5A5 /* TapItRequest.m in Sources */,
				55CF02DF15EFDEAC00DBB5A5 /* TapItAdManager.m in Sources */,
				55CF02E015EFDEAC00DBB5A5 /* TapItLightboxAdViewController.m in Sources */,
				55CF02E115EFDEAC00DBB5A5 /* TapItInterstitialAdViewController.m in Sources */,
			);
			runOnlyForDeploymentPostprocessing = 0;
		};
		55DC8CB5160CE2C800558DC8 /* Sources */ = {
			isa = PBXSourcesBuildPhase;
			buildActionMask = 2147483647;
			files = (
				55DC8CB6160CE2C800558DC8 /* TapItMediationAdMob.m in Sources */,
				55DC8CB7160CE2C800558DC8 /* TapItReachability.m in Sources */,
				55DC8CB8160CE2C800558DC8 /* JSONKit.m in Sources */,
				55DC8CB9160CE2C800558DC8 /* NSDictionary+QueryStringBuilder.m in Sources */,
				55DC8CBA160CE2C800558DC8 /* TapItOpenUDID.m in Sources */,
				55DC8CBB160CE2C800558DC8 /* TapItAdPrompt.m in Sources */,
				55DC8CBC160CE2C800558DC8 /* TapItBrowserController.m in Sources */,
				55DC8CBD160CE2C800558DC8 /* TapItAdView.m in Sources */,
				55DC8CBE160CE2C800558DC8 /* TapItBannerAdView.m in Sources */,
				55DC8CBF160CE2C800558DC8 /* TapItInterstitialAd.m in Sources */,
				55DC8CC0160CE2C800558DC8 /* TapItAppTracker.m in Sources */,
				55DC8CC1160CE2C800558DC8 /* TapItRequest.m in Sources */,
				55DC8CC2160CE2C800558DC8 /* TapItAdManager.m in Sources */,
				55DC8CC3160CE2C800558DC8 /* TapItLightboxAdViewController.m in Sources */,
				55DC8CC4160CE2C800558DC8 /* TapItInterstitialAdViewController.m in Sources */,
			);
			runOnlyForDeploymentPostprocessing = 0;
		};
/* End PBXSourcesBuildPhase section */

/* Begin PBXVariantGroup section */
		5594982C15366E4100D6495D /* InfoPlist.strings */ = {
			isa = PBXVariantGroup;
			children = (
				5594982D15366E4100D6495D /* en */,
			);
			name = InfoPlist.strings;
			sourceTree = "<group>";
		};
		55A26458160D12D4009DFA5F /* MainStoryboard_iPhone.storyboard */ = {
			isa = PBXVariantGroup;
			children = (
				55A26459160D12D4009DFA5F /* en */,
			);
			name = MainStoryboard_iPhone.storyboard;
			sourceTree = "<group>";
		};
		55A2645A160D12D4009DFA5F /* MainStoryboard_iPad.storyboard */ = {
			isa = PBXVariantGroup;
			children = (
				55A2645B160D12D4009DFA5F /* en */,
			);
			name = MainStoryboard_iPad.storyboard;
			sourceTree = "<group>";
		};
/* End PBXVariantGroup section */

/* Begin XCBuildConfiguration section */
		553ACB64158EF48600C722D9 /* Ad Hoc Distrubution */ = {
			isa = XCBuildConfiguration;
			buildSettings = {
				ALWAYS_SEARCH_USER_PATHS = NO;
				ARCHS = (
					"$(ARCHS_STANDARD_32_BIT)",
					armv6,
				);
				CODE_SIGN_IDENTITY = "";
				"CODE_SIGN_IDENTITY[sdk=iphoneos*]" = "iPhone Distribution: Giancarlo Maniaci";
				COPY_PHASE_STRIP = YES;
				GCC_C_LANGUAGE_STANDARD = gnu99;
				GCC_THUMB_SUPPORT = NO;
				GCC_VERSION = com.apple.compilers.llvm.clang.1_0;
				GCC_WARN_ABOUT_RETURN_TYPE = YES;
				GCC_WARN_UNINITIALIZED_AUTOS = YES;
				GCC_WARN_UNUSED_VARIABLE = YES;
				IPHONEOS_DEPLOYMENT_TARGET = 4.3;
				OTHER_CFLAGS = "-DNS_BLOCK_ASSERTIONS=1";
				OTHER_LDFLAGS = "";
				"PROVISIONING_PROFILE[sdk=iphoneos*]" = "F57A3149-83AD-4747-B7DA-34F2B12F6148";
				SDKROOT = iphoneos;
				TARGETED_DEVICE_FAMILY = "1,2";
				VALIDATE_PRODUCT = YES;
				VALID_ARCHS = "armv7 armv7s armv6";
			};
			name = "Ad Hoc Distrubution";
		};
		553ACB65158EF48600C722D9 /* Ad Hoc Distrubution */ = {
			isa = XCBuildConfiguration;
			buildSettings = {
				FRAMEWORK_SEARCH_PATHS = (
					"$(inherited)",
					"\"$(SRCROOT)\"",
				);
				GCC_PRECOMPILE_PREFIX_HEADER = YES;
				GCC_PREFIX_HEADER = "TapIt-iOS-Sample/TapIt-iOS-Sample-Prefix.pch";
				GCC_THUMB_SUPPORT = NO;
				INFOPLIST_FILE = "TapIt-iOS-Sample/TapIt-iOS-Sample-Info.plist";
				IPHONEOS_DEPLOYMENT_TARGET = 5.0;
				LIBRARY_SEARCH_PATHS = (
					"$(inherited)",
					"\"$(SRCROOT)/Lib/GoogleAdMobAdsSDK\"",
					"\"$(SRCROOT)/Lib/GoogleAdMobAdsSDK/Add-ons/GoogleAnalyticsiOS_2.0beta3/Library\"",
				);
				OTHER_LDFLAGS = "-ObjC";
				PRODUCT_NAME = "$(TARGET_NAME)";
				SCAN_ALL_SOURCE_FILES_FOR_INCLUDES = YES;
				VALID_ARCHS = "armv7 armv7s";
				WRAPPER_EXTENSION = app;
			};
			name = "Ad Hoc Distrubution";
		};
		5594984915366E4200D6495D /* Debug */ = {
			isa = XCBuildConfiguration;
			buildSettings = {
				ALWAYS_SEARCH_USER_PATHS = NO;
				ARCHS = (
					"$(ARCHS_STANDARD_32_BIT)",
					armv6,
				);
				"CODE_SIGN_IDENTITY[sdk=iphoneos*]" = "iPhone Developer";
				COPY_PHASE_STRIP = NO;
				GCC_C_LANGUAGE_STANDARD = gnu99;
				GCC_DYNAMIC_NO_PIC = NO;
				GCC_OPTIMIZATION_LEVEL = 0;
				GCC_PREPROCESSOR_DEFINITIONS = (
					"DEBUG=1",
					"$(inherited)",
				);
				GCC_SYMBOLS_PRIVATE_EXTERN = NO;
				GCC_THUMB_SUPPORT = NO;
				GCC_VERSION = com.apple.compilers.llvm.clang.1_0;
				GCC_WARN_ABOUT_RETURN_TYPE = YES;
				GCC_WARN_UNINITIALIZED_AUTOS = YES;
				GCC_WARN_UNUSED_VARIABLE = YES;
				IPHONEOS_DEPLOYMENT_TARGET = 4.3;
				OTHER_LDFLAGS = "";
				SDKROOT = iphoneos;
				TARGETED_DEVICE_FAMILY = "1,2";
				VALID_ARCHS = "armv7 armv7s armv6";
			};
			name = Debug;
		};
		5594984A15366E4200D6495D /* Release */ = {
			isa = XCBuildConfiguration;
			buildSettings = {
				ALWAYS_SEARCH_USER_PATHS = NO;
				ARCHS = (
					"$(ARCHS_STANDARD_32_BIT)",
					armv6,
				);
				"CODE_SIGN_IDENTITY[sdk=iphoneos*]" = "iPhone Distribution";
				COPY_PHASE_STRIP = YES;
				GCC_C_LANGUAGE_STANDARD = gnu99;
				GCC_THUMB_SUPPORT = NO;
				GCC_VERSION = com.apple.compilers.llvm.clang.1_0;
				GCC_WARN_ABOUT_RETURN_TYPE = YES;
				GCC_WARN_UNINITIALIZED_AUTOS = YES;
				GCC_WARN_UNUSED_VARIABLE = YES;
				IPHONEOS_DEPLOYMENT_TARGET = 4.3;
				OTHER_CFLAGS = "-DNS_BLOCK_ASSERTIONS=1";
				OTHER_LDFLAGS = "";
				"PROVISIONING_PROFILE[sdk=iphoneos*]" = "";
				SDKROOT = iphoneos;
				TARGETED_DEVICE_FAMILY = "1,2";
				VALIDATE_PRODUCT = YES;
				VALID_ARCHS = "armv7 armv7s armv6";
			};
			name = Release;
		};
		5594984C15366E4200D6495D /* Debug */ = {
			isa = XCBuildConfiguration;
			buildSettings = {
				FRAMEWORK_SEARCH_PATHS = (
					"$(inherited)",
					"\"$(SRCROOT)\"",
				);
				GCC_PRECOMPILE_PREFIX_HEADER = YES;
				GCC_PREFIX_HEADER = "TapIt-iOS-Sample/TapIt-iOS-Sample-Prefix.pch";
				GCC_THUMB_SUPPORT = NO;
				INFOPLIST_FILE = "TapIt-iOS-Sample/TapIt-iOS-Sample-Info.plist";
				IPHONEOS_DEPLOYMENT_TARGET = 5.0;
				LIBRARY_SEARCH_PATHS = (
					"$(inherited)",
					"\"$(SRCROOT)/Lib/GoogleAdMobAdsSDK\"",
					"\"$(SRCROOT)/Lib/GoogleAdMobAdsSDK/Add-ons/GoogleAnalyticsiOS_2.0beta3/Library\"",
				);
				OTHER_LDFLAGS = "-ObjC";
				PRODUCT_NAME = "$(TARGET_NAME)";
				SCAN_ALL_SOURCE_FILES_FOR_INCLUDES = YES;
				VALID_ARCHS = "armv7 armv7s";
				WRAPPER_EXTENSION = app;
			};
			name = Debug;
		};
		5594984D15366E4200D6495D /* Release */ = {
			isa = XCBuildConfiguration;
			buildSettings = {
				FRAMEWORK_SEARCH_PATHS = (
					"$(inherited)",
					"\"$(SRCROOT)\"",
				);
				GCC_PRECOMPILE_PREFIX_HEADER = YES;
				GCC_PREFIX_HEADER = "TapIt-iOS-Sample/TapIt-iOS-Sample-Prefix.pch";
				GCC_THUMB_SUPPORT = NO;
				INFOPLIST_FILE = "TapIt-iOS-Sample/TapIt-iOS-Sample-Info.plist";
				IPHONEOS_DEPLOYMENT_TARGET = 5.0;
				LIBRARY_SEARCH_PATHS = (
					"$(inherited)",
					"\"$(SRCROOT)/Lib/GoogleAdMobAdsSDK\"",
					"\"$(SRCROOT)/Lib/GoogleAdMobAdsSDK/Add-ons/GoogleAnalyticsiOS_2.0beta3/Library\"",
				);
				OTHER_LDFLAGS = "-ObjC";
				PRODUCT_NAME = "$(TARGET_NAME)";
				SCAN_ALL_SOURCE_FILES_FOR_INCLUDES = YES;
				VALID_ARCHS = "armv7 armv7s";
				WRAPPER_EXTENSION = app;
			};
			name = Release;
		};
		5596594C15B4C7150002620D /* Debug */ = {
			isa = XCBuildConfiguration;
			buildSettings = {
				ARCHS = (
					"$(ARCHS_STANDARD_32_BIT)",
					armv6,
				);
				DSTROOT = /tmp/TapIt.dst;
				GCC_PRECOMPILE_PREFIX_HEADER = YES;
				GCC_PREFIX_HEADER = "TapIt/TapIt-Prefix.pch";
				GCC_THUMB_SUPPORT = NO;
				IPHONEOS_DEPLOYMENT_TARGET = 4.0;
				LIBRARY_SEARCH_PATHS = (
					"$(inherited)",
					"\"$(SRCROOT)/Lib/GoogleAdMobAdsSDK\"",
				);
				OTHER_LDFLAGS = "-ObjC";
				PRODUCT_NAME = "$(TARGET_NAME)";
				SKIP_INSTALL = YES;
			};
			name = Debug;
		};
		5596594D15B4C7150002620D /* Release */ = {
			isa = XCBuildConfiguration;
			buildSettings = {
				ARCHS = (
					"$(ARCHS_STANDARD_32_BIT)",
					armv6,
				);
				DSTROOT = /tmp/TapIt.dst;
				GCC_GENERATE_DEBUGGING_SYMBOLS = NO;
				GCC_PRECOMPILE_PREFIX_HEADER = YES;
				GCC_PREFIX_HEADER = "TapIt/TapIt-Prefix.pch";
				GCC_THUMB_SUPPORT = NO;
				IPHONEOS_DEPLOYMENT_TARGET = 4.0;
				LIBRARY_SEARCH_PATHS = (
					"$(inherited)",
					"\"$(SRCROOT)/Lib/GoogleAdMobAdsSDK\"",
				);
				OTHER_LDFLAGS = "-ObjC";
				PRODUCT_NAME = "$(TARGET_NAME)";
				SKIP_INSTALL = YES;
			};
			name = Release;
		};
		5596594E15B4C7150002620D /* Ad Hoc Distrubution */ = {
			isa = XCBuildConfiguration;
			buildSettings = {
				ARCHS = (
					"$(ARCHS_STANDARD_32_BIT)",
					armv6,
				);
				DSTROOT = /tmp/TapIt.dst;
				GCC_PRECOMPILE_PREFIX_HEADER = YES;
				GCC_PREFIX_HEADER = "TapIt/TapIt-Prefix.pch";
				GCC_THUMB_SUPPORT = NO;
				IPHONEOS_DEPLOYMENT_TARGET = 4.0;
				LIBRARY_SEARCH_PATHS = (
					"$(inherited)",
					"\"$(SRCROOT)/Lib/GoogleAdMobAdsSDK\"",
				);
				OTHER_LDFLAGS = "-ObjC";
				PRODUCT_NAME = "$(TARGET_NAME)";
				SKIP_INSTALL = YES;
			};
			name = "Ad Hoc Distrubution";
		};
		55CF030715EFDEAC00DBB5A5 /* Debug */ = {
			isa = XCBuildConfiguration;
			buildSettings = {
				ARCHS = "$(ARCHS_STANDARD_32_BIT)";
				DSTROOT = /tmp/TapIt.dst;
				GCC_PRECOMPILE_PREFIX_HEADER = YES;
				GCC_PREFIX_HEADER = "TapIt/TapIt-Prefix.pch";
				GCC_THUMB_SUPPORT = NO;
				IPHONEOS_DEPLOYMENT_TARGET = 4.0;
				LIBRARY_SEARCH_PATHS = (
					"$(inherited)",
					"\"$(SRCROOT)/Lib/GoogleAdMobAdsSDK\"",
				);
				OTHER_LDFLAGS = "";
				PRODUCT_NAME = "$(TARGET_NAME)";
				SKIP_INSTALL = YES;
				VALID_ARCHS = "armv7 armv7s i386";
			};
			name = Debug;
		};
		55CF030815EFDEAC00DBB5A5 /* Release */ = {
			isa = XCBuildConfiguration;
			buildSettings = {
				ARCHS = "$(ARCHS_STANDARD_32_BIT)";
				DSTROOT = /tmp/TapIt.dst;
				GCC_GENERATE_DEBUGGING_SYMBOLS = NO;
				GCC_PRECOMPILE_PREFIX_HEADER = YES;
				GCC_PREFIX_HEADER = "TapIt/TapIt-Prefix.pch";
				GCC_THUMB_SUPPORT = NO;
				IPHONEOS_DEPLOYMENT_TARGET = 4.0;
				LIBRARY_SEARCH_PATHS = (
					"$(inherited)",
					"\"$(SRCROOT)/Lib/GoogleAdMobAdsSDK\"",
				);
				OTHER_LDFLAGS = "";
				PRODUCT_NAME = "$(TARGET_NAME)";
				SKIP_INSTALL = YES;
				VALID_ARCHS = "armv7 armv7s i386";
			};
			name = Release;
		};
		55CF030915EFDEAC00DBB5A5 /* Ad Hoc Distrubution */ = {
			isa = XCBuildConfiguration;
			buildSettings = {
				ARCHS = "$(ARCHS_STANDARD_32_BIT)";
				DSTROOT = /tmp/TapIt.dst;
				GCC_PRECOMPILE_PREFIX_HEADER = YES;
				GCC_PREFIX_HEADER = "TapIt/TapIt-Prefix.pch";
				GCC_THUMB_SUPPORT = NO;
				IPHONEOS_DEPLOYMENT_TARGET = 4.0;
				LIBRARY_SEARCH_PATHS = (
					"$(inherited)",
					"\"$(SRCROOT)/Lib/GoogleAdMobAdsSDK\"",
				);
				OTHER_LDFLAGS = "";
				PRODUCT_NAME = "$(TARGET_NAME)";
				SKIP_INSTALL = YES;
				VALID_ARCHS = "armv7 armv7s i386";
			};
			name = "Ad Hoc Distrubution";
		};
		55DC8CD9160CE2C800558DC8 /* Debug */ = {
			isa = XCBuildConfiguration;
			buildSettings = {
				ARCHS = armv6;
				DSTROOT = /tmp/TapIt.dst;
				GCC_PRECOMPILE_PREFIX_HEADER = YES;
				GCC_PREFIX_HEADER = "TapIt/TapIt-Prefix.pch";
				GCC_PREPROCESSOR_DEFINITIONS = (
					"$(inherited)",
					"DISABLE_NEW_FEATURES=1",
				);
				GCC_THUMB_SUPPORT = NO;
				IPHONEOS_DEPLOYMENT_TARGET = 4.0;
				LIBRARY_SEARCH_PATHS = (
					"$(inherited)",
					"\"$(SRCROOT)/Lib/GoogleAdMobAdsSDK\"",
				);
				ONLY_ACTIVE_ARCH = NO;
				OTHER_CFLAGS = "";
				OTHER_LDFLAGS = "";
				PRODUCT_NAME = TapIt_armv6;
				SDKROOT = iphoneos;
				SKIP_INSTALL = YES;
				VALID_ARCHS = armv6;
			};
			name = Debug;
		};
		55DC8CDA160CE2C800558DC8 /* Release */ = {
			isa = XCBuildConfiguration;
			buildSettings = {
				ARCHS = armv6;
				DSTROOT = /tmp/TapIt.dst;
				GCC_GENERATE_DEBUGGING_SYMBOLS = NO;
				GCC_PRECOMPILE_PREFIX_HEADER = YES;
				GCC_PREFIX_HEADER = "TapIt/TapIt-Prefix.pch";
				GCC_PREPROCESSOR_DEFINITIONS = "DISABLE_NEW_FEATURES=1";
				GCC_THUMB_SUPPORT = NO;
				IPHONEOS_DEPLOYMENT_TARGET = 4.0;
				LIBRARY_SEARCH_PATHS = (
					"$(inherited)",
					"\"$(SRCROOT)/Lib/GoogleAdMobAdsSDK\"",
				);
				ONLY_ACTIVE_ARCH = NO;
				OTHER_CFLAGS = "-DNS_BLOCK_ASSERTIONS=1";
				OTHER_LDFLAGS = "";
				PRODUCT_NAME = TapIt_armv6;
				SDKROOT = iphoneos;
				SKIP_INSTALL = YES;
				VALID_ARCHS = armv6;
			};
			name = Release;
		};
		55DC8CDB160CE2C800558DC8 /* Ad Hoc Distrubution */ = {
			isa = XCBuildConfiguration;
			buildSettings = {
				ARCHS = armv6;
				DSTROOT = /tmp/TapIt.dst;
				GCC_PRECOMPILE_PREFIX_HEADER = YES;
				GCC_PREFIX_HEADER = "TapIt/TapIt-Prefix.pch";
				GCC_PREPROCESSOR_DEFINITIONS = "DISABLE_NEW_FEATURES=1";
				GCC_THUMB_SUPPORT = NO;
				IPHONEOS_DEPLOYMENT_TARGET = 4.0;
				LIBRARY_SEARCH_PATHS = (
					"$(inherited)",
					"\"$(SRCROOT)/Lib/GoogleAdMobAdsSDK\"",
				);
				ONLY_ACTIVE_ARCH = NO;
				OTHER_CFLAGS = "-DNS_BLOCK_ASSERTIONS=1";
				OTHER_LDFLAGS = "";
				PRODUCT_NAME = TapIt_armv6;
				SDKROOT = iphoneos;
				SKIP_INSTALL = YES;
				VALID_ARCHS = armv6;
			};
			name = "Ad Hoc Distrubution";
		};
/* End XCBuildConfiguration section */

/* Begin XCConfigurationList section */
		5594981915366E4100D6495D /* Build configuration list for PBXProject "TapIt-iOS-Sample" */ = {
			isa = XCConfigurationList;
			buildConfigurations = (
				5594984915366E4200D6495D /* Debug */,
				5594984A15366E4200D6495D /* Release */,
				553ACB64158EF48600C722D9 /* Ad Hoc Distrubution */,
			);
			defaultConfigurationIsVisible = 0;
			defaultConfigurationName = Release;
		};
		5594984B15366E4200D6495D /* Build configuration list for PBXNativeTarget "TapIt-iOS-Sample" */ = {
			isa = XCConfigurationList;
			buildConfigurations = (
				5594984C15366E4200D6495D /* Debug */,
				5594984D15366E4200D6495D /* Release */,
				553ACB65158EF48600C722D9 /* Ad Hoc Distrubution */,
			);
			defaultConfigurationIsVisible = 0;
			defaultConfigurationName = Release;
		};
		5596594B15B4C7150002620D /* Build configuration list for PBXNativeTarget "TapIt_without_libs" */ = {
			isa = XCConfigurationList;
			buildConfigurations = (
				5596594C15B4C7150002620D /* Debug */,
				5596594D15B4C7150002620D /* Release */,
				5596594E15B4C7150002620D /* Ad Hoc Distrubution */,
			);
			defaultConfigurationIsVisible = 0;
			defaultConfigurationName = Release;
		};
		55CF030615EFDEAC00DBB5A5 /* Build configuration list for PBXNativeTarget "TapIt" */ = {
			isa = XCConfigurationList;
			buildConfigurations = (
				55CF030715EFDEAC00DBB5A5 /* Debug */,
				55CF030815EFDEAC00DBB5A5 /* Release */,
				55CF030915EFDEAC00DBB5A5 /* Ad Hoc Distrubution */,
			);
			defaultConfigurationIsVisible = 0;
			defaultConfigurationName = Release;
		};
		55DC8CD8160CE2C800558DC8 /* Build configuration list for PBXNativeTarget "TapIt-armv6" */ = {
			isa = XCConfigurationList;
			buildConfigurations = (
				55DC8CD9160CE2C800558DC8 /* Debug */,
				55DC8CDA160CE2C800558DC8 /* Release */,
				55DC8CDB160CE2C800558DC8 /* Ad Hoc Distrubution */,
			);
			defaultConfigurationIsVisible = 0;
			defaultConfigurationName = Release;
		};
/* End XCConfigurationList section */
	};
	rootObject = 5594981615366E4100D6495D /* Project object */;
}
